// !$*UTF8*$!
{
	archiveVersion = 1;
	classes = {
	};
	objectVersion = 46;
	objects = {

/* Begin PBXBuildFile section */
		141EBE03181965A200CA5AB0 /* MENU.png in Resources */ = {isa = PBXBuildFile; fileRef = 141EBE01181965A200CA5AB0 /* MENU.png */; };
		141EBE04181965A200CA5AB0 /* RETRY.png in Resources */ = {isa = PBXBuildFile; fileRef = 141EBE02181965A200CA5AB0 /* RETRY.png */; };
		14337A7F1820B1990020A2D1 /* Images.xcassets in Resources */ = {isa = PBXBuildFile; fileRef = 14337A7E1820B1990020A2D1 /* Images.xcassets */; };
		1439F3F51805A5C700308EFC /* correct.png in Resources */ = {isa = PBXBuildFile; fileRef = 1439F3F21805A5C700308EFC /* correct.png */; };
		1439F3F61805A5C700308EFC /* empty.png in Resources */ = {isa = PBXBuildFile; fileRef = 1439F3F31805A5C700308EFC /* empty.png */; };
		1439F3F71805A5C700308EFC /* wrong.png in Resources */ = {isa = PBXBuildFile; fileRef = 1439F3F41805A5C700308EFC /* wrong.png */; };
		1439F3FA1805B5F000308EFC /* scorePageViewController.m in Sources */ = {isa = PBXBuildFile; fileRef = 1439F3F91805B5F000308EFC /* scorePageViewController.m */; };
		1465D03317E76D8C008DF419 /* UIKit.framework in Frameworks */ = {isa = PBXBuildFile; fileRef = 1465D03217E76D8C008DF419 /* UIKit.framework */; };
		1465D03517E76D8C008DF419 /* Foundation.framework in Frameworks */ = {isa = PBXBuildFile; fileRef = 1465D03417E76D8C008DF419 /* Foundation.framework */; };
		1465D03717E76D8C008DF419 /* CoreGraphics.framework in Frameworks */ = {isa = PBXBuildFile; fileRef = 1465D03617E76D8C008DF419 /* CoreGraphics.framework */; };
		1465D03D17E76D8C008DF419 /* InfoPlist.strings in Resources */ = {isa = PBXBuildFile; fileRef = 1465D03B17E76D8C008DF419 /* InfoPlist.strings */; };
		1465D03F17E76D8C008DF419 /* main.m in Sources */ = {isa = PBXBuildFile; fileRef = 1465D03E17E76D8C008DF419 /* main.m */; };
		1465D04317E76D8C008DF419 /* pitchitAppDelegate.m in Sources */ = {isa = PBXBuildFile; fileRef = 1465D04217E76D8C008DF419 /* pitchitAppDelegate.m */; };
		1465D04517E76D8C008DF419 /* Default.png in Resources */ = {isa = PBXBuildFile; fileRef = 1465D04417E76D8C008DF419 /* Default.png */; };
		1465D04717E76D8C008DF419 /* Default@2x.png in Resources */ = {isa = PBXBuildFile; fileRef = 1465D04617E76D8C008DF419 /* Default@2x.png */; };
		1465D04917E76D8C008DF419 /* Default-568h@2x.png in Resources */ = {isa = PBXBuildFile; fileRef = 1465D04817E76D8C008DF419 /* Default-568h@2x.png */; };
		1465D04C17E76D8C008DF419 /* MainStoryboard.storyboard in Resources */ = {isa = PBXBuildFile; fileRef = 1465D04A17E76D8C008DF419 /* MainStoryboard.storyboard */; };
		1465D06617E771D5008DF419 /* logo_ss.png in Resources */ = {isa = PBXBuildFile; fileRef = 1465D06517E771D5008DF419 /* logo_ss.png */; };
		1465D06817E771E3008DF419 /* logo_s.png in Resources */ = {isa = PBXBuildFile; fileRef = 1465D06717E771E3008DF419 /* logo_s.png */; };
		1465D0C217E772D2008DF419 /* 01.mp3 in Resources */ = {isa = PBXBuildFile; fileRef = 1465D06A17E772D2008DF419 /* 01.mp3 */; };
		1465D0C317E772D2008DF419 /* 02.mp3 in Resources */ = {isa = PBXBuildFile; fileRef = 1465D06B17E772D2008DF419 /* 02.mp3 */; };
		1465D0C417E772D2008DF419 /* 03.mp3 in Resources */ = {isa = PBXBuildFile; fileRef = 1465D06C17E772D2008DF419 /* 03.mp3 */; };
		1465D0C517E772D2008DF419 /* 04.mp3 in Resources */ = {isa = PBXBuildFile; fileRef = 1465D06D17E772D2008DF419 /* 04.mp3 */; };
		1465D0C617E772D2008DF419 /* 05.mp3 in Resources */ = {isa = PBXBuildFile; fileRef = 1465D06E17E772D2008DF419 /* 05.mp3 */; };
		1465D0C717E772D2008DF419 /* 06.mp3 in Resources */ = {isa = PBXBuildFile; fileRef = 1465D06F17E772D2008DF419 /* 06.mp3 */; };
		1465D0C817E772D2008DF419 /* 07.mp3 in Resources */ = {isa = PBXBuildFile; fileRef = 1465D07017E772D2008DF419 /* 07.mp3 */; };
		1465D0C917E772D2008DF419 /* 08.mp3 in Resources */ = {isa = PBXBuildFile; fileRef = 1465D07117E772D2008DF419 /* 08.mp3 */; };
		1465D0CA17E772D2008DF419 /* 09.mp3 in Resources */ = {isa = PBXBuildFile; fileRef = 1465D07217E772D2008DF419 /* 09.mp3 */; };
		1465D0CB17E772D2008DF419 /* 10.mp3 in Resources */ = {isa = PBXBuildFile; fileRef = 1465D07317E772D2008DF419 /* 10.mp3 */; };
		1465D0CC17E772D2008DF419 /* 11.mp3 in Resources */ = {isa = PBXBuildFile; fileRef = 1465D07417E772D2008DF419 /* 11.mp3 */; };
		1465D0CD17E772D2008DF419 /* 12.mp3 in Resources */ = {isa = PBXBuildFile; fileRef = 1465D07517E772D2008DF419 /* 12.mp3 */; };
		1465D0CE17E772D2008DF419 /* 13.mp3 in Resources */ = {isa = PBXBuildFile; fileRef = 1465D07617E772D2008DF419 /* 13.mp3 */; };
		1465D0CF17E772D2008DF419 /* 14.mp3 in Resources */ = {isa = PBXBuildFile; fileRef = 1465D07717E772D2008DF419 /* 14.mp3 */; };
		1465D0D017E772D2008DF419 /* 15.mp3 in Resources */ = {isa = PBXBuildFile; fileRef = 1465D07817E772D2008DF419 /* 15.mp3 */; };
		1465D0D117E772D2008DF419 /* 16.mp3 in Resources */ = {isa = PBXBuildFile; fileRef = 1465D07917E772D2008DF419 /* 16.mp3 */; };
		1465D0D217E772D2008DF419 /* 17.mp3 in Resources */ = {isa = PBXBuildFile; fileRef = 1465D07A17E772D2008DF419 /* 17.mp3 */; };
		1465D0D317E772D2008DF419 /* 18.mp3 in Resources */ = {isa = PBXBuildFile; fileRef = 1465D07B17E772D2008DF419 /* 18.mp3 */; };
		1465D0D417E772D2008DF419 /* 19.mp3 in Resources */ = {isa = PBXBuildFile; fileRef = 1465D07C17E772D2008DF419 /* 19.mp3 */; };
		1465D0D517E772D2008DF419 /* 20.mp3 in Resources */ = {isa = PBXBuildFile; fileRef = 1465D07D17E772D2008DF419 /* 20.mp3 */; };
		1465D0D617E772D2008DF419 /* 21.mp3 in Resources */ = {isa = PBXBuildFile; fileRef = 1465D07E17E772D2008DF419 /* 21.mp3 */; };
		1465D0D717E772D2008DF419 /* 22.mp3 in Resources */ = {isa = PBXBuildFile; fileRef = 1465D07F17E772D2008DF419 /* 22.mp3 */; };
		1465D0D817E772D2008DF419 /* 23.mp3 in Resources */ = {isa = PBXBuildFile; fileRef = 1465D08017E772D2008DF419 /* 23.mp3 */; };
		1465D0D917E772D2008DF419 /* 24.mp3 in Resources */ = {isa = PBXBuildFile; fileRef = 1465D08117E772D2008DF419 /* 24.mp3 */; };
		1465D0DA17E772D2008DF419 /* 25.mp3 in Resources */ = {isa = PBXBuildFile; fileRef = 1465D08217E772D2008DF419 /* 25.mp3 */; };
		1465D0DB17E772D2008DF419 /* 26.mp3 in Resources */ = {isa = PBXBuildFile; fileRef = 1465D08317E772D2008DF419 /* 26.mp3 */; };
		1465D0DC17E772D2008DF419 /* 27.mp3 in Resources */ = {isa = PBXBuildFile; fileRef = 1465D08417E772D2008DF419 /* 27.mp3 */; };
		1465D0DD17E772D2008DF419 /* 28.mp3 in Resources */ = {isa = PBXBuildFile; fileRef = 1465D08517E772D2008DF419 /* 28.mp3 */; };
		1465D0DE17E772D2008DF419 /* 29.mp3 in Resources */ = {isa = PBXBuildFile; fileRef = 1465D08617E772D2008DF419 /* 29.mp3 */; };
		1465D0DF17E772D2008DF419 /* 30.mp3 in Resources */ = {isa = PBXBuildFile; fileRef = 1465D08717E772D2008DF419 /* 30.mp3 */; };
		1465D0E017E772D2008DF419 /* 31.mp3 in Resources */ = {isa = PBXBuildFile; fileRef = 1465D08817E772D2008DF419 /* 31.mp3 */; };
		1465D0E117E772D2008DF419 /* 32.mp3 in Resources */ = {isa = PBXBuildFile; fileRef = 1465D08917E772D2008DF419 /* 32.mp3 */; };
		1465D0E217E772D2008DF419 /* 33.mp3 in Resources */ = {isa = PBXBuildFile; fileRef = 1465D08A17E772D2008DF419 /* 33.mp3 */; };
		1465D0E317E772D2008DF419 /* 34.mp3 in Resources */ = {isa = PBXBuildFile; fileRef = 1465D08B17E772D2008DF419 /* 34.mp3 */; };
		1465D0E417E772D2008DF419 /* 35.mp3 in Resources */ = {isa = PBXBuildFile; fileRef = 1465D08C17E772D2008DF419 /* 35.mp3 */; };
		1465D0E517E772D2008DF419 /* 36.mp3 in Resources */ = {isa = PBXBuildFile; fileRef = 1465D08D17E772D2008DF419 /* 36.mp3 */; };
		1465D0E617E772D2008DF419 /* 37.mp3 in Resources */ = {isa = PBXBuildFile; fileRef = 1465D08E17E772D2008DF419 /* 37.mp3 */; };
		1465D0E717E772D2008DF419 /* 38.mp3 in Resources */ = {isa = PBXBuildFile; fileRef = 1465D08F17E772D2008DF419 /* 38.mp3 */; };
		1465D0E817E772D2008DF419 /* 39.mp3 in Resources */ = {isa = PBXBuildFile; fileRef = 1465D09017E772D2008DF419 /* 39.mp3 */; };
		1465D0E917E772D2008DF419 /* 40.mp3 in Resources */ = {isa = PBXBuildFile; fileRef = 1465D09117E772D2008DF419 /* 40.mp3 */; };
		1465D0EA17E772D2008DF419 /* 41.mp3 in Resources */ = {isa = PBXBuildFile; fileRef = 1465D09217E772D2008DF419 /* 41.mp3 */; };
		1465D0EB17E772D2008DF419 /* 42.mp3 in Resources */ = {isa = PBXBuildFile; fileRef = 1465D09317E772D2008DF419 /* 42.mp3 */; };
		1465D0EC17E772D2008DF419 /* 43.mp3 in Resources */ = {isa = PBXBuildFile; fileRef = 1465D09417E772D2008DF419 /* 43.mp3 */; };
		1465D0ED17E772D2008DF419 /* 44.mp3 in Resources */ = {isa = PBXBuildFile; fileRef = 1465D09517E772D2008DF419 /* 44.mp3 */; };
		1465D0EE17E772D2008DF419 /* 45.mp3 in Resources */ = {isa = PBXBuildFile; fileRef = 1465D09617E772D2008DF419 /* 45.mp3 */; };
		1465D0EF17E772D2008DF419 /* 46.mp3 in Resources */ = {isa = PBXBuildFile; fileRef = 1465D09717E772D2008DF419 /* 46.mp3 */; };
		1465D0F017E772D2008DF419 /* 47.mp3 in Resources */ = {isa = PBXBuildFile; fileRef = 1465D09817E772D2008DF419 /* 47.mp3 */; };
		1465D0F117E772D2008DF419 /* 48.mp3 in Resources */ = {isa = PBXBuildFile; fileRef = 1465D09917E772D2008DF419 /* 48.mp3 */; };
		1465D0F217E772D2008DF419 /* 49.mp3 in Resources */ = {isa = PBXBuildFile; fileRef = 1465D09A17E772D2008DF419 /* 49.mp3 */; };
		1465D0F317E772D2008DF419 /* 50.mp3 in Resources */ = {isa = PBXBuildFile; fileRef = 1465D09B17E772D2008DF419 /* 50.mp3 */; };
		1465D0F417E772D2008DF419 /* 51.mp3 in Resources */ = {isa = PBXBuildFile; fileRef = 1465D09C17E772D2008DF419 /* 51.mp3 */; };
		1465D0F517E772D2008DF419 /* 52.mp3 in Resources */ = {isa = PBXBuildFile; fileRef = 1465D09D17E772D2008DF419 /* 52.mp3 */; };
		1465D0F617E772D2008DF419 /* 53.mp3 in Resources */ = {isa = PBXBuildFile; fileRef = 1465D09E17E772D2008DF419 /* 53.mp3 */; };
		1465D0F717E772D2008DF419 /* 54.mp3 in Resources */ = {isa = PBXBuildFile; fileRef = 1465D09F17E772D2008DF419 /* 54.mp3 */; };
		1465D0F817E772D2008DF419 /* 55.mp3 in Resources */ = {isa = PBXBuildFile; fileRef = 1465D0A017E772D2008DF419 /* 55.mp3 */; };
		1465D0F917E772D2008DF419 /* 56.mp3 in Resources */ = {isa = PBXBuildFile; fileRef = 1465D0A117E772D2008DF419 /* 56.mp3 */; };
		1465D0FA17E772D2008DF419 /* 57.mp3 in Resources */ = {isa = PBXBuildFile; fileRef = 1465D0A217E772D2008DF419 /* 57.mp3 */; };
		1465D0FB17E772D2008DF419 /* 58.mp3 in Resources */ = {isa = PBXBuildFile; fileRef = 1465D0A317E772D2008DF419 /* 58.mp3 */; };
		1465D0FC17E772D2008DF419 /* 59.mp3 in Resources */ = {isa = PBXBuildFile; fileRef = 1465D0A417E772D2008DF419 /* 59.mp3 */; };
		1465D0FD17E772D2008DF419 /* 60.mp3 in Resources */ = {isa = PBXBuildFile; fileRef = 1465D0A517E772D2008DF419 /* 60.mp3 */; };
		1465D0FE17E772D2008DF419 /* 61.mp3 in Resources */ = {isa = PBXBuildFile; fileRef = 1465D0A617E772D2008DF419 /* 61.mp3 */; };
		1465D0FF17E772D2008DF419 /* 62.mp3 in Resources */ = {isa = PBXBuildFile; fileRef = 1465D0A717E772D2008DF419 /* 62.mp3 */; };
		1465D10017E772D2008DF419 /* 63.mp3 in Resources */ = {isa = PBXBuildFile; fileRef = 1465D0A817E772D2008DF419 /* 63.mp3 */; };
		1465D10117E772D2008DF419 /* 64.mp3 in Resources */ = {isa = PBXBuildFile; fileRef = 1465D0A917E772D2008DF419 /* 64.mp3 */; };
		1465D10217E772D2008DF419 /* 65.mp3 in Resources */ = {isa = PBXBuildFile; fileRef = 1465D0AA17E772D2008DF419 /* 65.mp3 */; };
		1465D10317E772D2008DF419 /* 66.mp3 in Resources */ = {isa = PBXBuildFile; fileRef = 1465D0AB17E772D2008DF419 /* 66.mp3 */; };
		1465D10417E772D2008DF419 /* 67.mp3 in Resources */ = {isa = PBXBuildFile; fileRef = 1465D0AC17E772D2008DF419 /* 67.mp3 */; };
		1465D10517E772D2008DF419 /* 68.mp3 in Resources */ = {isa = PBXBuildFile; fileRef = 1465D0AD17E772D2008DF419 /* 68.mp3 */; };
		1465D10617E772D2008DF419 /* 69.mp3 in Resources */ = {isa = PBXBuildFile; fileRef = 1465D0AE17E772D2008DF419 /* 69.mp3 */; };
		1465D10717E772D2008DF419 /* 70.mp3 in Resources */ = {isa = PBXBuildFile; fileRef = 1465D0AF17E772D2008DF419 /* 70.mp3 */; };
		1465D10817E772D2008DF419 /* 71.mp3 in Resources */ = {isa = PBXBuildFile; fileRef = 1465D0B017E772D2008DF419 /* 71.mp3 */; };
		1465D10917E772D2008DF419 /* 72.mp3 in Resources */ = {isa = PBXBuildFile; fileRef = 1465D0B117E772D2008DF419 /* 72.mp3 */; };
		1465D10A17E772D2008DF419 /* 73.mp3 in Resources */ = {isa = PBXBuildFile; fileRef = 1465D0B217E772D2008DF419 /* 73.mp3 */; };
		1465D10B17E772D2008DF419 /* 74.mp3 in Resources */ = {isa = PBXBuildFile; fileRef = 1465D0B317E772D2008DF419 /* 74.mp3 */; };
		1465D10C17E772D2008DF419 /* 75.mp3 in Resources */ = {isa = PBXBuildFile; fileRef = 1465D0B417E772D2008DF419 /* 75.mp3 */; };
		1465D10D17E772D2008DF419 /* 76.mp3 in Resources */ = {isa = PBXBuildFile; fileRef = 1465D0B517E772D2008DF419 /* 76.mp3 */; };
		1465D10E17E772D2008DF419 /* 77.mp3 in Resources */ = {isa = PBXBuildFile; fileRef = 1465D0B617E772D2008DF419 /* 77.mp3 */; };
		1465D10F17E772D2008DF419 /* 78.mp3 in Resources */ = {isa = PBXBuildFile; fileRef = 1465D0B717E772D2008DF419 /* 78.mp3 */; };
		1465D11017E772D2008DF419 /* 79.mp3 in Resources */ = {isa = PBXBuildFile; fileRef = 1465D0B817E772D2008DF419 /* 79.mp3 */; };
		1465D11117E772D2008DF419 /* 80.mp3 in Resources */ = {isa = PBXBuildFile; fileRef = 1465D0B917E772D2008DF419 /* 80.mp3 */; };
		1465D11217E772D2008DF419 /* 81.mp3 in Resources */ = {isa = PBXBuildFile; fileRef = 1465D0BA17E772D2008DF419 /* 81.mp3 */; };
		1465D11317E772D2008DF419 /* 82.mp3 in Resources */ = {isa = PBXBuildFile; fileRef = 1465D0BB17E772D2008DF419 /* 82.mp3 */; };
		1465D11417E772D2008DF419 /* 83.mp3 in Resources */ = {isa = PBXBuildFile; fileRef = 1465D0BC17E772D2008DF419 /* 83.mp3 */; };
		1465D11517E772D2008DF419 /* 84.mp3 in Resources */ = {isa = PBXBuildFile; fileRef = 1465D0BD17E772D2008DF419 /* 84.mp3 */; };
		1465D11617E772D2008DF419 /* 85.mp3 in Resources */ = {isa = PBXBuildFile; fileRef = 1465D0BE17E772D2008DF419 /* 85.mp3 */; };
		1465D11717E772D2008DF419 /* 86.mp3 in Resources */ = {isa = PBXBuildFile; fileRef = 1465D0BF17E772D2008DF419 /* 86.mp3 */; };
		1465D11817E772D2008DF419 /* 87.mp3 in Resources */ = {isa = PBXBuildFile; fileRef = 1465D0C017E772D2008DF419 /* 87.mp3 */; };
		1465D11917E772D2008DF419 /* 88.mp3 in Resources */ = {isa = PBXBuildFile; fileRef = 1465D0C117E772D2008DF419 /* 88.mp3 */; };
		147EBEB818156B2E00F284EF /* brain.m in Sources */ = {isa = PBXBuildFile; fileRef = 147EBEB718156B2E00F284EF /* brain.m */; };
		14867CBD18226267000DBC0E /* DeepDropLogo.png in Resources */ = {isa = PBXBuildFile; fileRef = 14867CBA18226267000DBC0E /* DeepDropLogo.png */; };
		14867CBE18226267000DBC0E /* DropLogo.png in Resources */ = {isa = PBXBuildFile; fileRef = 14867CBB18226267000DBC0E /* DropLogo.png */; };
		14867CBF18226267000DBC0E /* LightDropLogo.png in Resources */ = {isa = PBXBuildFile; fileRef = 14867CBC18226267000DBC0E /* LightDropLogo.png */; };
		14867CC11822629C000DBC0E /* level.png in Resources */ = {isa = PBXBuildFile; fileRef = 14867CC01822629C000DBC0E /* level.png */; };
		14867CC318226431000DBC0E /* OriInnerLogo.png in Resources */ = {isa = PBXBuildFile; fileRef = 14867CC218226431000DBC0E /* OriInnerLogo.png */; };
		14867CC918226BEA000DBC0E /* initStartViewController.m in Sources */ = {isa = PBXBuildFile; fileRef = 14867CC818226BEA000DBC0E /* initStartViewController.m */; };
		149A46961815562D00C7C70B /* 0_percentage.png in Resources */ = {isa = PBXBuildFile; fileRef = 149A468B1815562D00C7C70B /* 0_percentage.png */; };
		149A46971815562D00C7C70B /* 100_percentage.png in Resources */ = {isa = PBXBuildFile; fileRef = 149A468C1815562D00C7C70B /* 100_percentage.png */; };
		149A46981815562D00C7C70B /* 10_percentage.png in Resources */ = {isa = PBXBuildFile; fileRef = 149A468D1815562D00C7C70B /* 10_percentage.png */; };
		149A46991815562D00C7C70B /* 20_percentage.png in Resources */ = {isa = PBXBuildFile; fileRef = 149A468E1815562D00C7C70B /* 20_percentage.png */; };
		149A469A1815562D00C7C70B /* 30_percentage.png in Resources */ = {isa = PBXBuildFile; fileRef = 149A468F1815562D00C7C70B /* 30_percentage.png */; };
		149A469B1815562D00C7C70B /* 40_percentage.png in Resources */ = {isa = PBXBuildFile; fileRef = 149A46901815562D00C7C70B /* 40_percentage.png */; };
		149A469C1815562D00C7C70B /* 50_percentage.png in Resources */ = {isa = PBXBuildFile; fileRef = 149A46911815562D00C7C70B /* 50_percentage.png */; };
		149A469D1815562D00C7C70B /* 60_percentage.png in Resources */ = {isa = PBXBuildFile; fileRef = 149A46921815562D00C7C70B /* 60_percentage.png */; };
		149A469E1815562D00C7C70B /* 70_percentage.png in Resources */ = {isa = PBXBuildFile; fileRef = 149A46931815562D00C7C70B /* 70_percentage.png */; };
		149A469F1815562D00C7C70B /* 80_percentage.png in Resources */ = {isa = PBXBuildFile; fileRef = 149A46941815562D00C7C70B /* 80_percentage.png */; };
		149A46A01815562D00C7C70B /* 90_percentage.png in Resources */ = {isa = PBXBuildFile; fileRef = 149A46951815562D00C7C70B /* 90_percentage.png */; };
		14C50812180D02E800E29362 /* settingLogoModified.png in Resources */ = {isa = PBXBuildFile; fileRef = 14C50811180D02E800E29362 /* settingLogoModified.png */; };
		14CC3AF0180E7AAF00ACB6E2 /* allinone.png in Resources */ = {isa = PBXBuildFile; fileRef = 14CC3AEF180E7AAF00ACB6E2 /* allinone.png */; };
		14CC3AF4180E9BE200ACB6E2 /* pcorrect.png in Resources */ = {isa = PBXBuildFile; fileRef = 14CC3AF1180E9BE200ACB6E2 /* pcorrect.png */; };
		14CC3AF5180E9BE200ACB6E2 /* pempty.png in Resources */ = {isa = PBXBuildFile; fileRef = 14CC3AF2180E9BE200ACB6E2 /* pempty.png */; };
		14CC3AF6180E9BE200ACB6E2 /* pwrong.png in Resources */ = {isa = PBXBuildFile; fileRef = 14CC3AF3180E9BE200ACB6E2 /* pwrong.png */; };
		14CC3AFC180EA00B00ACB6E2 /* black_Key.png in Resources */ = {isa = PBXBuildFile; fileRef = 14CC3AF7180EA00B00ACB6E2 /* black_Key.png */; };
		14CC3AFD180EA00B00ACB6E2 /* logo.png in Resources */ = {isa = PBXBuildFile; fileRef = 14CC3AF8180EA00B00ACB6E2 /* logo.png */; };
		14CC3AFE180EA00B00ACB6E2 /* pressed_black_Key.png in Resources */ = {isa = PBXBuildFile; fileRef = 14CC3AF9180EA00B00ACB6E2 /* pressed_black_Key.png */; };
		14CC3AFF180EA00B00ACB6E2 /* pressed_white_key.png in Resources */ = {isa = PBXBuildFile; fileRef = 14CC3AFA180EA00B00ACB6E2 /* pressed_white_key.png */; };
		14CC3B00180EA00B00ACB6E2 /* white_key.png in Resources */ = {isa = PBXBuildFile; fileRef = 14CC3AFB180EA00B00ACB6E2 /* white_key.png */; };
		14D881C0180ED9AE003C0FE3 /* ppcorrect.png in Resources */ = {isa = PBXBuildFile; fileRef = 14D881BD180ED9AE003C0FE3 /* ppcorrect.png */; };
		14D881C1180ED9AE003C0FE3 /* ppempty.png in Resources */ = {isa = PBXBuildFile; fileRef = 14D881BE180ED9AE003C0FE3 /* ppempty.png */; };
		14D881C2180ED9AE003C0FE3 /* ppwrong.png in Resources */ = {isa = PBXBuildFile; fileRef = 14D881BF180ED9AE003C0FE3 /* ppwrong.png */; };
		14D881C6180EE00F003C0FE3 /* pppwrong.png in Resources */ = {isa = PBXBuildFile; fileRef = 14D881C3180EE00F003C0FE3 /* pppwrong.png */; };
		14D881C7180EE00F003C0FE3 /* pppempty.png in Resources */ = {isa = PBXBuildFile; fileRef = 14D881C4180EE00F003C0FE3 /* pppempty.png */; };
		14D881C8180EE00F003C0FE3 /* pppcorrect.png in Resources */ = {isa = PBXBuildFile; fileRef = 14D881C5180EE00F003C0FE3 /* pppcorrect.png */; };
		14D881CA180EE2AA003C0FE3 /* back.png in Resources */ = {isa = PBXBuildFile; fileRef = 14D881C9180EE2AA003C0FE3 /* back.png */; };
		14D881CC180EE5FB003C0FE3 /* fullview.png in Resources */ = {isa = PBXBuildFile; fileRef = 14D881CB180EE5FB003C0FE3 /* fullview.png */; };
		14D881CE180EE6B1003C0FE3 /* fullview2.png in Resources */ = {isa = PBXBuildFile; fileRef = 14D881CD180EE6B1003C0FE3 /* fullview2.png */; };
		14D881F6180EEBB6003C0FE3 /* new_score.png in Resources */ = {isa = PBXBuildFile; fileRef = 14D881DD180EEBB6003C0FE3 /* new_score.png */; };
		14D881F7180EEBB6003C0FE3 /* p0.png in Resources */ = {isa = PBXBuildFile; fileRef = 14D881DE180EEBB6003C0FE3 /* p0.png */; };
		14D881F8180EEBB6003C0FE3 /* p10.png in Resources */ = {isa = PBXBuildFile; fileRef = 14D881DF180EEBB6003C0FE3 /* p10.png */; };
		14D881F9180EEBB6003C0FE3 /* p100.png in Resources */ = {isa = PBXBuildFile; fileRef = 14D881E0180EEBB6003C0FE3 /* p100.png */; };
		14D881FA180EEBB6003C0FE3 /* p20.png in Resources */ = {isa = PBXBuildFile; fileRef = 14D881E1180EEBB6003C0FE3 /* p20.png */; };
		14D881FB180EEBB6003C0FE3 /* p30.png in Resources */ = {isa = PBXBuildFile; fileRef = 14D881E2180EEBB6003C0FE3 /* p30.png */; };
		14D881FC180EEBB6003C0FE3 /* p40.png in Resources */ = {isa = PBXBuildFile; fileRef = 14D881E3180EEBB6003C0FE3 /* p40.png */; };
		14D881FD180EEBB6003C0FE3 /* p50.png in Resources */ = {isa = PBXBuildFile; fileRef = 14D881E4180EEBB6003C0FE3 /* p50.png */; };
		14D881FE180EEBB6003C0FE3 /* p60.png in Resources */ = {isa = PBXBuildFile; fileRef = 14D881E5180EEBB6003C0FE3 /* p60.png */; };
		14D881FF180EEBB6003C0FE3 /* p70.png in Resources */ = {isa = PBXBuildFile; fileRef = 14D881E6180EEBB6003C0FE3 /* p70.png */; };
		14D88200180EEBB6003C0FE3 /* p80.png in Resources */ = {isa = PBXBuildFile; fileRef = 14D881E7180EEBB6003C0FE3 /* p80.png */; };
		14D88201180EEBB6003C0FE3 /* p90.png in Resources */ = {isa = PBXBuildFile; fileRef = 14D881E8180EEBB6003C0FE3 /* p90.png */; };
		14D8820E180EEDA1003C0FE3 /* 0.png in Resources */ = {isa = PBXBuildFile; fileRef = 14D88202180EEDA1003C0FE3 /* 0.png */; };
		14D8820F180EEDA1003C0FE3 /* 1.png in Resources */ = {isa = PBXBuildFile; fileRef = 14D88203180EEDA1003C0FE3 /* 1.png */; };
		14D88210180EEDA1003C0FE3 /* 2.png in Resources */ = {isa = PBXBuildFile; fileRef = 14D88204180EEDA1003C0FE3 /* 2.png */; };
		14D88211180EEDA1003C0FE3 /* 3.png in Resources */ = {isa = PBXBuildFile; fileRef = 14D88205180EEDA1003C0FE3 /* 3.png */; };
		14D88212180EEDA1003C0FE3 /* 4.png in Resources */ = {isa = PBXBuildFile; fileRef = 14D88206180EEDA1003C0FE3 /* 4.png */; };
		14D88213180EEDA1003C0FE3 /* 5.png in Resources */ = {isa = PBXBuildFile; fileRef = 14D88207180EEDA1003C0FE3 /* 5.png */; };
		14D88214180EEDA1003C0FE3 /* 6.png in Resources */ = {isa = PBXBuildFile; fileRef = 14D88208180EEDA1003C0FE3 /* 6.png */; };
		14D88215180EEDA1003C0FE3 /* 7.png in Resources */ = {isa = PBXBuildFile; fileRef = 14D88209180EEDA1003C0FE3 /* 7.png */; };
		14D88216180EEDA1003C0FE3 /* 8.png in Resources */ = {isa = PBXBuildFile; fileRef = 14D8820A180EEDA1003C0FE3 /* 8.png */; };
		14D88217180EEDA1003C0FE3 /* 9.png in Resources */ = {isa = PBXBuildFile; fileRef = 14D8820B180EEDA1003C0FE3 /* 9.png */; };
		14D88218180EEDA1003C0FE3 /* 10.png in Resources */ = {isa = PBXBuildFile; fileRef = 14D8820C180EEDA1003C0FE3 /* 10.png */; };
		14D88219180EEDA1003C0FE3 /* 11.png in Resources */ = {isa = PBXBuildFile; fileRef = 14D8820D180EEDA1003C0FE3 /* 11.png */; };
		14F0992717FF187100E63EAE /* largeBackground.png in Resources */ = {isa = PBXBuildFile; fileRef = 14F0992617FF187100E63EAE /* largeBackground.png */; };
		538F30E917F13450002ECBDF /* jiepai_qi.jpg in Resources */ = {isa = PBXBuildFile; fileRef = 538F30E817F13450002ECBDF /* jiepai_qi.jpg */; };
		538F30EC17F1348B002ECBDF /* MENUViewController.m in Sources */ = {isa = PBXBuildFile; fileRef = 538F30EB17F1348B002ECBDF /* MENUViewController.m */; };
		5390DF8117E85DF6009CC05F /* musicNotePlayer.m in Sources */ = {isa = PBXBuildFile; fileRef = 5390DF8017E85DF6009CC05F /* musicNotePlayer.m */; };
		5397B6A017E8599F00CBD83B /* AVFoundation.framework in Frameworks */ = {isa = PBXBuildFile; fileRef = 5397B69F17E8599F00CBD83B /* AVFoundation.framework */; };
		53A2DB2D17F169F700628DD5 /* stageOneViewController.m in Sources */ = {isa = PBXBuildFile; fileRef = 53A2DB2C17F169F700628DD5 /* stageOneViewController.m */; };
		53A2DB2F17F16FA600628DD5 /* woodenBackground.jpg in Resources */ = {isa = PBXBuildFile; fileRef = 53A2DB2E17F16FA600628DD5 /* woodenBackground.jpg */; };
		53A2DB3117F1707800628DD5 /* stage1.jpg in Resources */ = {isa = PBXBuildFile; fileRef = 53A2DB3017F1707800628DD5 /* stage1.jpg */; };
		53A2DB3317F170EC00628DD5 /* stageOne.jpg in Resources */ = {isa = PBXBuildFile; fileRef = 53A2DB3217F170EC00628DD5 /* stageOne.jpg */; };
		53A2DB3A17F19C7400628DD5 /* blackKey.png in Resources */ = {isa = PBXBuildFile; fileRef = 53A2DB3817F19C7400628DD5 /* blackKey.png */; };
		53A2DB3B17F19C7400628DD5 /* whiteKey.png in Resources */ = {isa = PBXBuildFile; fileRef = 53A2DB3917F19C7400628DD5 /* whiteKey.png */; };
		53A2DB3E17F1A10F00628DD5 /* settingLogo.png in Resources */ = {isa = PBXBuildFile; fileRef = 53A2DB3C17F1A10F00628DD5 /* settingLogo.png */; };
		53A2DB3F17F1A10F00628DD5 /* headingWood.png in Resources */ = {isa = PBXBuildFile; fileRef = 53A2DB3D17F1A10F00628DD5 /* headingWood.png */; };
		53A2DB4317F1A32A00628DD5 /* centerMusicNote.png in Resources */ = {isa = PBXBuildFile; fileRef = 53A2DB4217F1A32A00628DD5 /* centerMusicNote.png */; };
/* End PBXBuildFile section */

/* Begin PBXFileReference section */
		141EBE01181965A200CA5AB0 /* MENU.png */ = {isa = PBXFileReference; lastKnownFileType = image.png; path = MENU.png; sourceTree = "<group>"; };
		141EBE02181965A200CA5AB0 /* RETRY.png */ = {isa = PBXFileReference; lastKnownFileType = image.png; path = RETRY.png; sourceTree = "<group>"; };
		14337A7E1820B1990020A2D1 /* Images.xcassets */ = {isa = PBXFileReference; lastKnownFileType = folder.assetcatalog; path = Images.xcassets; sourceTree = "<group>"; };
		1439F3F21805A5C700308EFC /* correct.png */ = {isa = PBXFileReference; lastKnownFileType = image.png; path = correct.png; sourceTree = "<group>"; };
		1439F3F31805A5C700308EFC /* empty.png */ = {isa = PBXFileReference; lastKnownFileType = image.png; path = empty.png; sourceTree = "<group>"; };
		1439F3F41805A5C700308EFC /* wrong.png */ = {isa = PBXFileReference; lastKnownFileType = image.png; path = wrong.png; sourceTree = "<group>"; };
		1439F3F81805B5F000308EFC /* scorePageViewController.h */ = {isa = PBXFileReference; fileEncoding = 4; lastKnownFileType = sourcecode.c.h; name = scorePageViewController.h; path = ../scorePageViewController.h; sourceTree = "<group>"; };
		1439F3F91805B5F000308EFC /* scorePageViewController.m */ = {isa = PBXFileReference; fileEncoding = 4; lastKnownFileType = sourcecode.c.objc; name = scorePageViewController.m; path = ../scorePageViewController.m; sourceTree = "<group>"; };
		1465D02F17E76D8C008DF419 /* Pitch It.app */ = {isa = PBXFileReference; explicitFileType = wrapper.application; includeInIndex = 0; path = "Pitch It.app"; sourceTree = BUILT_PRODUCTS_DIR; };
		1465D03217E76D8C008DF419 /* UIKit.framework */ = {isa = PBXFileReference; lastKnownFileType = wrapper.framework; name = UIKit.framework; path = System/Library/Frameworks/UIKit.framework; sourceTree = SDKROOT; };
		1465D03417E76D8C008DF419 /* Foundation.framework */ = {isa = PBXFileReference; lastKnownFileType = wrapper.framework; name = Foundation.framework; path = System/Library/Frameworks/Foundation.framework; sourceTree = SDKROOT; };
		1465D03617E76D8C008DF419 /* CoreGraphics.framework */ = {isa = PBXFileReference; lastKnownFileType = wrapper.framework; name = CoreGraphics.framework; path = System/Library/Frameworks/CoreGraphics.framework; sourceTree = SDKROOT; };
		1465D03A17E76D8C008DF419 /* Pitch It-Info.plist */ = {isa = PBXFileReference; lastKnownFileType = text.plist.xml; path = "Pitch It-Info.plist"; sourceTree = "<group>"; };
		1465D03C17E76D8C008DF419 /* en */ = {isa = PBXFileReference; lastKnownFileType = text.plist.strings; name = en; path = en.lproj/InfoPlist.strings; sourceTree = "<group>"; };
		1465D03E17E76D8C008DF419 /* main.m */ = {isa = PBXFileReference; lastKnownFileType = sourcecode.c.objc; path = main.m; sourceTree = "<group>"; };
		1465D04017E76D8C008DF419 /* Pitch It-Prefix.pch */ = {isa = PBXFileReference; lastKnownFileType = sourcecode.c.h; path = "Pitch It-Prefix.pch"; sourceTree = "<group>"; };
		1465D04117E76D8C008DF419 /* pitchitAppDelegate.h */ = {isa = PBXFileReference; lastKnownFileType = sourcecode.c.h; path = pitchitAppDelegate.h; sourceTree = "<group>"; };
		1465D04217E76D8C008DF419 /* pitchitAppDelegate.m */ = {isa = PBXFileReference; lastKnownFileType = sourcecode.c.objc; path = pitchitAppDelegate.m; sourceTree = "<group>"; };
		1465D04417E76D8C008DF419 /* Default.png */ = {isa = PBXFileReference; lastKnownFileType = image.png; path = Default.png; sourceTree = "<group>"; };
		1465D04617E76D8C008DF419 /* Default@2x.png */ = {isa = PBXFileReference; lastKnownFileType = image.png; path = "Default@2x.png"; sourceTree = "<group>"; };
		1465D04817E76D8C008DF419 /* Default-568h@2x.png */ = {isa = PBXFileReference; lastKnownFileType = image.png; path = "Default-568h@2x.png"; sourceTree = "<group>"; };
		1465D04B17E76D8C008DF419 /* en */ = {isa = PBXFileReference; lastKnownFileType = file.storyboard; name = en; path = en.lproj/MainStoryboard.storyboard; sourceTree = "<group>"; };
		1465D06517E771D5008DF419 /* logo_ss.png */ = {isa = PBXFileReference; lastKnownFileType = image.png; name = logo_ss.png; path = ../logo_ss.png; sourceTree = "<group>"; };
		1465D06717E771E3008DF419 /* logo_s.png */ = {isa = PBXFileReference; lastKnownFileType = image.png; name = logo_s.png; path = ../logo_s.png; sourceTree = "<group>"; };
		1465D06A17E772D2008DF419 /* 01.mp3 */ = {isa = PBXFileReference; lastKnownFileType = audio.mp3; path = 01.mp3; sourceTree = "<group>"; };
		1465D06B17E772D2008DF419 /* 02.mp3 */ = {isa = PBXFileReference; lastKnownFileType = audio.mp3; path = 02.mp3; sourceTree = "<group>"; };
		1465D06C17E772D2008DF419 /* 03.mp3 */ = {isa = PBXFileReference; lastKnownFileType = audio.mp3; path = 03.mp3; sourceTree = "<group>"; };
		1465D06D17E772D2008DF419 /* 04.mp3 */ = {isa = PBXFileReference; lastKnownFileType = audio.mp3; path = 04.mp3; sourceTree = "<group>"; };
		1465D06E17E772D2008DF419 /* 05.mp3 */ = {isa = PBXFileReference; lastKnownFileType = audio.mp3; path = 05.mp3; sourceTree = "<group>"; };
		1465D06F17E772D2008DF419 /* 06.mp3 */ = {isa = PBXFileReference; lastKnownFileType = audio.mp3; path = 06.mp3; sourceTree = "<group>"; };
		1465D07017E772D2008DF419 /* 07.mp3 */ = {isa = PBXFileReference; lastKnownFileType = audio.mp3; path = 07.mp3; sourceTree = "<group>"; };
		1465D07117E772D2008DF419 /* 08.mp3 */ = {isa = PBXFileReference; lastKnownFileType = audio.mp3; path = 08.mp3; sourceTree = "<group>"; };
		1465D07217E772D2008DF419 /* 09.mp3 */ = {isa = PBXFileReference; lastKnownFileType = audio.mp3; path = 09.mp3; sourceTree = "<group>"; };
		1465D07317E772D2008DF419 /* 10.mp3 */ = {isa = PBXFileReference; lastKnownFileType = audio.mp3; path = 10.mp3; sourceTree = "<group>"; };
		1465D07417E772D2008DF419 /* 11.mp3 */ = {isa = PBXFileReference; lastKnownFileType = audio.mp3; path = 11.mp3; sourceTree = "<group>"; };
		1465D07517E772D2008DF419 /* 12.mp3 */ = {isa = PBXFileReference; lastKnownFileType = audio.mp3; path = 12.mp3; sourceTree = "<group>"; };
		1465D07617E772D2008DF419 /* 13.mp3 */ = {isa = PBXFileReference; lastKnownFileType = audio.mp3; path = 13.mp3; sourceTree = "<group>"; };
		1465D07717E772D2008DF419 /* 14.mp3 */ = {isa = PBXFileReference; lastKnownFileType = audio.mp3; path = 14.mp3; sourceTree = "<group>"; };
		1465D07817E772D2008DF419 /* 15.mp3 */ = {isa = PBXFileReference; lastKnownFileType = audio.mp3; path = 15.mp3; sourceTree = "<group>"; };
		1465D07917E772D2008DF419 /* 16.mp3 */ = {isa = PBXFileReference; lastKnownFileType = audio.mp3; path = 16.mp3; sourceTree = "<group>"; };
		1465D07A17E772D2008DF419 /* 17.mp3 */ = {isa = PBXFileReference; lastKnownFileType = audio.mp3; path = 17.mp3; sourceTree = "<group>"; };
		1465D07B17E772D2008DF419 /* 18.mp3 */ = {isa = PBXFileReference; lastKnownFileType = audio.mp3; path = 18.mp3; sourceTree = "<group>"; };
		1465D07C17E772D2008DF419 /* 19.mp3 */ = {isa = PBXFileReference; lastKnownFileType = audio.mp3; path = 19.mp3; sourceTree = "<group>"; };
		1465D07D17E772D2008DF419 /* 20.mp3 */ = {isa = PBXFileReference; lastKnownFileType = audio.mp3; path = 20.mp3; sourceTree = "<group>"; };
		1465D07E17E772D2008DF419 /* 21.mp3 */ = {isa = PBXFileReference; lastKnownFileType = audio.mp3; path = 21.mp3; sourceTree = "<group>"; };
		1465D07F17E772D2008DF419 /* 22.mp3 */ = {isa = PBXFileReference; lastKnownFileType = audio.mp3; path = 22.mp3; sourceTree = "<group>"; };
		1465D08017E772D2008DF419 /* 23.mp3 */ = {isa = PBXFileReference; lastKnownFileType = audio.mp3; path = 23.mp3; sourceTree = "<group>"; };
		1465D08117E772D2008DF419 /* 24.mp3 */ = {isa = PBXFileReference; lastKnownFileType = audio.mp3; path = 24.mp3; sourceTree = "<group>"; };
		1465D08217E772D2008DF419 /* 25.mp3 */ = {isa = PBXFileReference; lastKnownFileType = audio.mp3; path = 25.mp3; sourceTree = "<group>"; };
		1465D08317E772D2008DF419 /* 26.mp3 */ = {isa = PBXFileReference; lastKnownFileType = audio.mp3; path = 26.mp3; sourceTree = "<group>"; };
		1465D08417E772D2008DF419 /* 27.mp3 */ = {isa = PBXFileReference; lastKnownFileType = audio.mp3; path = 27.mp3; sourceTree = "<group>"; };
		1465D08517E772D2008DF419 /* 28.mp3 */ = {isa = PBXFileReference; lastKnownFileType = audio.mp3; path = 28.mp3; sourceTree = "<group>"; };
		1465D08617E772D2008DF419 /* 29.mp3 */ = {isa = PBXFileReference; lastKnownFileType = audio.mp3; path = 29.mp3; sourceTree = "<group>"; };
		1465D08717E772D2008DF419 /* 30.mp3 */ = {isa = PBXFileReference; lastKnownFileType = audio.mp3; path = 30.mp3; sourceTree = "<group>"; };
		1465D08817E772D2008DF419 /* 31.mp3 */ = {isa = PBXFileReference; lastKnownFileType = audio.mp3; path = 31.mp3; sourceTree = "<group>"; };
		1465D08917E772D2008DF419 /* 32.mp3 */ = {isa = PBXFileReference; lastKnownFileType = audio.mp3; path = 32.mp3; sourceTree = "<group>"; };
		1465D08A17E772D2008DF419 /* 33.mp3 */ = {isa = PBXFileReference; lastKnownFileType = audio.mp3; path = 33.mp3; sourceTree = "<group>"; };
		1465D08B17E772D2008DF419 /* 34.mp3 */ = {isa = PBXFileReference; lastKnownFileType = audio.mp3; path = 34.mp3; sourceTree = "<group>"; };
		1465D08C17E772D2008DF419 /* 35.mp3 */ = {isa = PBXFileReference; lastKnownFileType = audio.mp3; path = 35.mp3; sourceTree = "<group>"; };
		1465D08D17E772D2008DF419 /* 36.mp3 */ = {isa = PBXFileReference; lastKnownFileType = audio.mp3; path = 36.mp3; sourceTree = "<group>"; };
		1465D08E17E772D2008DF419 /* 37.mp3 */ = {isa = PBXFileReference; lastKnownFileType = audio.mp3; path = 37.mp3; sourceTree = "<group>"; };
		1465D08F17E772D2008DF419 /* 38.mp3 */ = {isa = PBXFileReference; lastKnownFileType = audio.mp3; path = 38.mp3; sourceTree = "<group>"; };
		1465D09017E772D2008DF419 /* 39.mp3 */ = {isa = PBXFileReference; lastKnownFileType = audio.mp3; path = 39.mp3; sourceTree = "<group>"; };
		1465D09117E772D2008DF419 /* 40.mp3 */ = {isa = PBXFileReference; lastKnownFileType = audio.mp3; path = 40.mp3; sourceTree = "<group>"; };
		1465D09217E772D2008DF419 /* 41.mp3 */ = {isa = PBXFileReference; lastKnownFileType = audio.mp3; path = 41.mp3; sourceTree = "<group>"; };
		1465D09317E772D2008DF419 /* 42.mp3 */ = {isa = PBXFileReference; lastKnownFileType = audio.mp3; path = 42.mp3; sourceTree = "<group>"; };
		1465D09417E772D2008DF419 /* 43.mp3 */ = {isa = PBXFileReference; lastKnownFileType = audio.mp3; path = 43.mp3; sourceTree = "<group>"; };
		1465D09517E772D2008DF419 /* 44.mp3 */ = {isa = PBXFileReference; lastKnownFileType = audio.mp3; path = 44.mp3; sourceTree = "<group>"; };
		1465D09617E772D2008DF419 /* 45.mp3 */ = {isa = PBXFileReference; lastKnownFileType = audio.mp3; path = 45.mp3; sourceTree = "<group>"; };
		1465D09717E772D2008DF419 /* 46.mp3 */ = {isa = PBXFileReference; lastKnownFileType = audio.mp3; path = 46.mp3; sourceTree = "<group>"; };
		1465D09817E772D2008DF419 /* 47.mp3 */ = {isa = PBXFileReference; lastKnownFileType = audio.mp3; path = 47.mp3; sourceTree = "<group>"; };
		1465D09917E772D2008DF419 /* 48.mp3 */ = {isa = PBXFileReference; lastKnownFileType = audio.mp3; path = 48.mp3; sourceTree = "<group>"; };
		1465D09A17E772D2008DF419 /* 49.mp3 */ = {isa = PBXFileReference; lastKnownFileType = audio.mp3; path = 49.mp3; sourceTree = "<group>"; };
		1465D09B17E772D2008DF419 /* 50.mp3 */ = {isa = PBXFileReference; lastKnownFileType = audio.mp3; path = 50.mp3; sourceTree = "<group>"; };
		1465D09C17E772D2008DF419 /* 51.mp3 */ = {isa = PBXFileReference; lastKnownFileType = audio.mp3; path = 51.mp3; sourceTree = "<group>"; };
		1465D09D17E772D2008DF419 /* 52.mp3 */ = {isa = PBXFileReference; lastKnownFileType = audio.mp3; path = 52.mp3; sourceTree = "<group>"; };
		1465D09E17E772D2008DF419 /* 53.mp3 */ = {isa = PBXFileReference; lastKnownFileType = audio.mp3; path = 53.mp3; sourceTree = "<group>"; };
		1465D09F17E772D2008DF419 /* 54.mp3 */ = {isa = PBXFileReference; lastKnownFileType = audio.mp3; path = 54.mp3; sourceTree = "<group>"; };
		1465D0A017E772D2008DF419 /* 55.mp3 */ = {isa = PBXFileReference; lastKnownFileType = audio.mp3; path = 55.mp3; sourceTree = "<group>"; };
		1465D0A117E772D2008DF419 /* 56.mp3 */ = {isa = PBXFileReference; lastKnownFileType = audio.mp3; path = 56.mp3; sourceTree = "<group>"; };
		1465D0A217E772D2008DF419 /* 57.mp3 */ = {isa = PBXFileReference; lastKnownFileType = audio.mp3; path = 57.mp3; sourceTree = "<group>"; };
		1465D0A317E772D2008DF419 /* 58.mp3 */ = {isa = PBXFileReference; lastKnownFileType = audio.mp3; path = 58.mp3; sourceTree = "<group>"; };
		1465D0A417E772D2008DF419 /* 59.mp3 */ = {isa = PBXFileReference; lastKnownFileType = audio.mp3; path = 59.mp3; sourceTree = "<group>"; };
		1465D0A517E772D2008DF419 /* 60.mp3 */ = {isa = PBXFileReference; lastKnownFileType = audio.mp3; path = 60.mp3; sourceTree = "<group>"; };
		1465D0A617E772D2008DF419 /* 61.mp3 */ = {isa = PBXFileReference; lastKnownFileType = audio.mp3; path = 61.mp3; sourceTree = "<group>"; };
		1465D0A717E772D2008DF419 /* 62.mp3 */ = {isa = PBXFileReference; lastKnownFileType = audio.mp3; path = 62.mp3; sourceTree = "<group>"; };
		1465D0A817E772D2008DF419 /* 63.mp3 */ = {isa = PBXFileReference; lastKnownFileType = audio.mp3; path = 63.mp3; sourceTree = "<group>"; };
		1465D0A917E772D2008DF419 /* 64.mp3 */ = {isa = PBXFileReference; lastKnownFileType = audio.mp3; path = 64.mp3; sourceTree = "<group>"; };
		1465D0AA17E772D2008DF419 /* 65.mp3 */ = {isa = PBXFileReference; lastKnownFileType = audio.mp3; path = 65.mp3; sourceTree = "<group>"; };
		1465D0AB17E772D2008DF419 /* 66.mp3 */ = {isa = PBXFileReference; lastKnownFileType = audio.mp3; path = 66.mp3; sourceTree = "<group>"; };
		1465D0AC17E772D2008DF419 /* 67.mp3 */ = {isa = PBXFileReference; lastKnownFileType = audio.mp3; path = 67.mp3; sourceTree = "<group>"; };
		1465D0AD17E772D2008DF419 /* 68.mp3 */ = {isa = PBXFileReference; lastKnownFileType = audio.mp3; path = 68.mp3; sourceTree = "<group>"; };
		1465D0AE17E772D2008DF419 /* 69.mp3 */ = {isa = PBXFileReference; lastKnownFileType = audio.mp3; path = 69.mp3; sourceTree = "<group>"; };
		1465D0AF17E772D2008DF419 /* 70.mp3 */ = {isa = PBXFileReference; lastKnownFileType = audio.mp3; path = 70.mp3; sourceTree = "<group>"; };
		1465D0B017E772D2008DF419 /* 71.mp3 */ = {isa = PBXFileReference; lastKnownFileType = audio.mp3; path = 71.mp3; sourceTree = "<group>"; };
		1465D0B117E772D2008DF419 /* 72.mp3 */ = {isa = PBXFileReference; lastKnownFileType = audio.mp3; path = 72.mp3; sourceTree = "<group>"; };
		1465D0B217E772D2008DF419 /* 73.mp3 */ = {isa = PBXFileReference; lastKnownFileType = audio.mp3; path = 73.mp3; sourceTree = "<group>"; };
		1465D0B317E772D2008DF419 /* 74.mp3 */ = {isa = PBXFileReference; lastKnownFileType = audio.mp3; path = 74.mp3; sourceTree = "<group>"; };
		1465D0B417E772D2008DF419 /* 75.mp3 */ = {isa = PBXFileReference; lastKnownFileType = audio.mp3; path = 75.mp3; sourceTree = "<group>"; };
		1465D0B517E772D2008DF419 /* 76.mp3 */ = {isa = PBXFileReference; lastKnownFileType = audio.mp3; path = 76.mp3; sourceTree = "<group>"; };
		1465D0B617E772D2008DF419 /* 77.mp3 */ = {isa = PBXFileReference; lastKnownFileType = audio.mp3; path = 77.mp3; sourceTree = "<group>"; };
		1465D0B717E772D2008DF419 /* 78.mp3 */ = {isa = PBXFileReference; lastKnownFileType = audio.mp3; path = 78.mp3; sourceTree = "<group>"; };
		1465D0B817E772D2008DF419 /* 79.mp3 */ = {isa = PBXFileReference; lastKnownFileType = audio.mp3; path = 79.mp3; sourceTree = "<group>"; };
		1465D0B917E772D2008DF419 /* 80.mp3 */ = {isa = PBXFileReference; lastKnownFileType = audio.mp3; path = 80.mp3; sourceTree = "<group>"; };
		1465D0BA17E772D2008DF419 /* 81.mp3 */ = {isa = PBXFileReference; lastKnownFileType = audio.mp3; path = 81.mp3; sourceTree = "<group>"; };
		1465D0BB17E772D2008DF419 /* 82.mp3 */ = {isa = PBXFileReference; lastKnownFileType = audio.mp3; path = 82.mp3; sourceTree = "<group>"; };
		1465D0BC17E772D2008DF419 /* 83.mp3 */ = {isa = PBXFileReference; lastKnownFileType = audio.mp3; path = 83.mp3; sourceTree = "<group>"; };
		1465D0BD17E772D2008DF419 /* 84.mp3 */ = {isa = PBXFileReference; lastKnownFileType = audio.mp3; path = 84.mp3; sourceTree = "<group>"; };
		1465D0BE17E772D2008DF419 /* 85.mp3 */ = {isa = PBXFileReference; lastKnownFileType = audio.mp3; path = 85.mp3; sourceTree = "<group>"; };
		1465D0BF17E772D2008DF419 /* 86.mp3 */ = {isa = PBXFileReference; lastKnownFileType = audio.mp3; path = 86.mp3; sourceTree = "<group>"; };
		1465D0C017E772D2008DF419 /* 87.mp3 */ = {isa = PBXFileReference; lastKnownFileType = audio.mp3; path = 87.mp3; sourceTree = "<group>"; };
		1465D0C117E772D2008DF419 /* 88.mp3 */ = {isa = PBXFileReference; lastKnownFileType = audio.mp3; path = 88.mp3; sourceTree = "<group>"; };
		147EBEB618156B2E00F284EF /* brain.h */ = {isa = PBXFileReference; fileEncoding = 4; lastKnownFileType = sourcecode.c.h; path = brain.h; sourceTree = "<group>"; };
		147EBEB718156B2E00F284EF /* brain.m */ = {isa = PBXFileReference; fileEncoding = 4; lastKnownFileType = sourcecode.c.objc; path = brain.m; sourceTree = "<group>"; };
		14867CBA18226267000DBC0E /* DeepDropLogo.png */ = {isa = PBXFileReference; lastKnownFileType = image.png; path = DeepDropLogo.png; sourceTree = "<group>"; };
		14867CBB18226267000DBC0E /* DropLogo.png */ = {isa = PBXFileReference; lastKnownFileType = image.png; path = DropLogo.png; sourceTree = "<group>"; };
		14867CBC18226267000DBC0E /* LightDropLogo.png */ = {isa = PBXFileReference; lastKnownFileType = image.png; path = LightDropLogo.png; sourceTree = "<group>"; };
		14867CC01822629C000DBC0E /* level.png */ = {isa = PBXFileReference; lastKnownFileType = image.png; path = level.png; sourceTree = "<group>"; };
		14867CC218226431000DBC0E /* OriInnerLogo.png */ = {isa = PBXFileReference; lastKnownFileType = image.png; path = OriInnerLogo.png; sourceTree = "<group>"; };
		14867CC718226BE9000DBC0E /* initStartViewController.h */ = {isa = PBXFileReference; fileEncoding = 4; lastKnownFileType = sourcecode.c.h; path = initStartViewController.h; sourceTree = "<group>"; };
		14867CC818226BEA000DBC0E /* initStartViewController.m */ = {isa = PBXFileReference; fileEncoding = 4; lastKnownFileType = sourcecode.c.objc; path = initStartViewController.m; sourceTree = "<group>"; };
		149A468B1815562D00C7C70B /* 0_percentage.png */ = {isa = PBXFileReference; lastKnownFileType = image.png; path = 0_percentage.png; sourceTree = "<group>"; };
		149A468C1815562D00C7C70B /* 100_percentage.png */ = {isa = PBXFileReference; lastKnownFileType = image.png; path = 100_percentage.png; sourceTree = "<group>"; };
		149A468D1815562D00C7C70B /* 10_percentage.png */ = {isa = PBXFileReference; lastKnownFileType = image.png; path = 10_percentage.png; sourceTree = "<group>"; };
		149A468E1815562D00C7C70B /* 20_percentage.png */ = {isa = PBXFileReference; lastKnownFileType = image.png; path = 20_percentage.png; sourceTree = "<group>"; };
		149A468F1815562D00C7C70B /* 30_percentage.png */ = {isa = PBXFileReference; lastKnownFileType = image.png; path = 30_percentage.png; sourceTree = "<group>"; };
		149A46901815562D00C7C70B /* 40_percentage.png */ = {isa = PBXFileReference; lastKnownFileType = image.png; path = 40_percentage.png; sourceTree = "<group>"; };
		149A46911815562D00C7C70B /* 50_percentage.png */ = {isa = PBXFileReference; lastKnownFileType = image.png; path = 50_percentage.png; sourceTree = "<group>"; };
		149A46921815562D00C7C70B /* 60_percentage.png */ = {isa = PBXFileReference; lastKnownFileType = image.png; path = 60_percentage.png; sourceTree = "<group>"; };
		149A46931815562D00C7C70B /* 70_percentage.png */ = {isa = PBXFileReference; lastKnownFileType = image.png; path = 70_percentage.png; sourceTree = "<group>"; };
		149A46941815562D00C7C70B /* 80_percentage.png */ = {isa = PBXFileReference; lastKnownFileType = image.png; path = 80_percentage.png; sourceTree = "<group>"; };
		149A46951815562D00C7C70B /* 90_percentage.png */ = {isa = PBXFileReference; lastKnownFileType = image.png; path = 90_percentage.png; sourceTree = "<group>"; };
		14C50811180D02E800E29362 /* settingLogoModified.png */ = {isa = PBXFileReference; lastKnownFileType = image.png; path = settingLogoModified.png; sourceTree = "<group>"; };
		14CC3AEF180E7AAF00ACB6E2 /* allinone.png */ = {isa = PBXFileReference; lastKnownFileType = image.png; path = allinone.png; sourceTree = "<group>"; };
		14CC3AF1180E9BE200ACB6E2 /* pcorrect.png */ = {isa = PBXFileReference; lastKnownFileType = image.png; path = pcorrect.png; sourceTree = "<group>"; };
		14CC3AF2180E9BE200ACB6E2 /* pempty.png */ = {isa = PBXFileReference; lastKnownFileType = image.png; path = pempty.png; sourceTree = "<group>"; };
		14CC3AF3180E9BE200ACB6E2 /* pwrong.png */ = {isa = PBXFileReference; lastKnownFileType = image.png; path = pwrong.png; sourceTree = "<group>"; };
		14CC3AF7180EA00B00ACB6E2 /* black_Key.png */ = {isa = PBXFileReference; lastKnownFileType = image.png; path = black_Key.png; sourceTree = "<group>"; };
		14CC3AF8180EA00B00ACB6E2 /* logo.png */ = {isa = PBXFileReference; lastKnownFileType = image.png; path = logo.png; sourceTree = "<group>"; };
		14CC3AF9180EA00B00ACB6E2 /* pressed_black_Key.png */ = {isa = PBXFileReference; lastKnownFileType = image.png; path = pressed_black_Key.png; sourceTree = "<group>"; };
		14CC3AFA180EA00B00ACB6E2 /* pressed_white_key.png */ = {isa = PBXFileReference; lastKnownFileType = image.png; path = pressed_white_key.png; sourceTree = "<group>"; };
		14CC3AFB180EA00B00ACB6E2 /* white_key.png */ = {isa = PBXFileReference; lastKnownFileType = image.png; path = white_key.png; sourceTree = "<group>"; };
		14D881BD180ED9AE003C0FE3 /* ppcorrect.png */ = {isa = PBXFileReference; lastKnownFileType = image.png; path = ppcorrect.png; sourceTree = "<group>"; };
		14D881BE180ED9AE003C0FE3 /* ppempty.png */ = {isa = PBXFileReference; lastKnownFileType = image.png; path = ppempty.png; sourceTree = "<group>"; };
		14D881BF180ED9AE003C0FE3 /* ppwrong.png */ = {isa = PBXFileReference; lastKnownFileType = image.png; path = ppwrong.png; sourceTree = "<group>"; };
		14D881C3180EE00F003C0FE3 /* pppwrong.png */ = {isa = PBXFileReference; lastKnownFileType = image.png; path = pppwrong.png; sourceTree = "<group>"; };
		14D881C4180EE00F003C0FE3 /* pppempty.png */ = {isa = PBXFileReference; lastKnownFileType = image.png; path = pppempty.png; sourceTree = "<group>"; };
		14D881C5180EE00F003C0FE3 /* pppcorrect.png */ = {isa = PBXFileReference; lastKnownFileType = image.png; path = pppcorrect.png; sourceTree = "<group>"; };
		14D881C9180EE2AA003C0FE3 /* back.png */ = {isa = PBXFileReference; lastKnownFileType = image.png; path = back.png; sourceTree = "<group>"; };
		14D881CB180EE5FB003C0FE3 /* fullview.png */ = {isa = PBXFileReference; lastKnownFileType = image.png; path = fullview.png; sourceTree = "<group>"; };
		14D881CD180EE6B1003C0FE3 /* fullview2.png */ = {isa = PBXFileReference; lastKnownFileType = image.png; path = fullview2.png; sourceTree = "<group>"; };
		14D881DD180EEBB6003C0FE3 /* new_score.png */ = {isa = PBXFileReference; lastKnownFileType = image.png; path = new_score.png; sourceTree = "<group>"; };
		14D881DE180EEBB6003C0FE3 /* p0.png */ = {isa = PBXFileReference; lastKnownFileType = image.png; path = p0.png; sourceTree = "<group>"; };
		14D881DF180EEBB6003C0FE3 /* p10.png */ = {isa = PBXFileReference; lastKnownFileType = image.png; path = p10.png; sourceTree = "<group>"; };
		14D881E0180EEBB6003C0FE3 /* p100.png */ = {isa = PBXFileReference; lastKnownFileType = image.png; path = p100.png; sourceTree = "<group>"; };
		14D881E1180EEBB6003C0FE3 /* p20.png */ = {isa = PBXFileReference; lastKnownFileType = image.png; path = p20.png; sourceTree = "<group>"; };
		14D881E2180EEBB6003C0FE3 /* p30.png */ = {isa = PBXFileReference; lastKnownFileType = image.png; path = p30.png; sourceTree = "<group>"; };
		14D881E3180EEBB6003C0FE3 /* p40.png */ = {isa = PBXFileReference; lastKnownFileType = image.png; path = p40.png; sourceTree = "<group>"; };
		14D881E4180EEBB6003C0FE3 /* p50.png */ = {isa = PBXFileReference; lastKnownFileType = image.png; path = p50.png; sourceTree = "<group>"; };
		14D881E5180EEBB6003C0FE3 /* p60.png */ = {isa = PBXFileReference; lastKnownFileType = image.png; path = p60.png; sourceTree = "<group>"; };
		14D881E6180EEBB6003C0FE3 /* p70.png */ = {isa = PBXFileReference; lastKnownFileType = image.png; path = p70.png; sourceTree = "<group>"; };
		14D881E7180EEBB6003C0FE3 /* p80.png */ = {isa = PBXFileReference; lastKnownFileType = image.png; path = p80.png; sourceTree = "<group>"; };
		14D881E8180EEBB6003C0FE3 /* p90.png */ = {isa = PBXFileReference; lastKnownFileType = image.png; path = p90.png; sourceTree = "<group>"; };
		14D88202180EEDA1003C0FE3 /* 0.png */ = {isa = PBXFileReference; lastKnownFileType = image.png; path = 0.png; sourceTree = "<group>"; };
		14D88203180EEDA1003C0FE3 /* 1.png */ = {isa = PBXFileReference; lastKnownFileType = image.png; path = 1.png; sourceTree = "<group>"; };
		14D88204180EEDA1003C0FE3 /* 2.png */ = {isa = PBXFileReference; lastKnownFileType = image.png; path = 2.png; sourceTree = "<group>"; };
		14D88205180EEDA1003C0FE3 /* 3.png */ = {isa = PBXFileReference; lastKnownFileType = image.png; path = 3.png; sourceTree = "<group>"; };
		14D88206180EEDA1003C0FE3 /* 4.png */ = {isa = PBXFileReference; lastKnownFileType = image.png; path = 4.png; sourceTree = "<group>"; };
		14D88207180EEDA1003C0FE3 /* 5.png */ = {isa = PBXFileReference; lastKnownFileType = image.png; path = 5.png; sourceTree = "<group>"; };
		14D88208180EEDA1003C0FE3 /* 6.png */ = {isa = PBXFileReference; lastKnownFileType = image.png; path = 6.png; sourceTree = "<group>"; };
		14D88209180EEDA1003C0FE3 /* 7.png */ = {isa = PBXFileReference; lastKnownFileType = image.png; path = 7.png; sourceTree = "<group>"; };
		14D8820A180EEDA1003C0FE3 /* 8.png */ = {isa = PBXFileReference; lastKnownFileType = image.png; path = 8.png; sourceTree = "<group>"; };
		14D8820B180EEDA1003C0FE3 /* 9.png */ = {isa = PBXFileReference; lastKnownFileType = image.png; path = 9.png; sourceTree = "<group>"; };
		14D8820C180EEDA1003C0FE3 /* 10.png */ = {isa = PBXFileReference; lastKnownFileType = image.png; path = 10.png; sourceTree = "<group>"; };
		14D8820D180EEDA1003C0FE3 /* 11.png */ = {isa = PBXFileReference; lastKnownFileType = image.png; path = 11.png; sourceTree = "<group>"; };
		14F0992617FF187100E63EAE /* largeBackground.png */ = {isa = PBXFileReference; lastKnownFileType = image.png; path = largeBackground.png; sourceTree = "<group>"; };
		538F30E817F13450002ECBDF /* jiepai_qi.jpg */ = {isa = PBXFileReference; lastKnownFileType = image.jpeg; path = jiepai_qi.jpg; sourceTree = "<group>"; };
		538F30EA17F1348B002ECBDF /* MENUViewController.h */ = {isa = PBXFileReference; fileEncoding = 4; lastKnownFileType = sourcecode.c.h; name = MENUViewController.h; path = ../MENUViewController.h; sourceTree = "<group>"; };
		538F30EB17F1348B002ECBDF /* MENUViewController.m */ = {isa = PBXFileReference; fileEncoding = 4; lastKnownFileType = sourcecode.c.objc; name = MENUViewController.m; path = ../MENUViewController.m; sourceTree = "<group>"; };
		5390DF7F17E85DF6009CC05F /* musicNotePlayer.h */ = {isa = PBXFileReference; fileEncoding = 4; lastKnownFileType = sourcecode.c.h; path = musicNotePlayer.h; sourceTree = "<group>"; };
		5390DF8017E85DF6009CC05F /* musicNotePlayer.m */ = {isa = PBXFileReference; fileEncoding = 4; lastKnownFileType = sourcecode.c.objc; path = musicNotePlayer.m; sourceTree = "<group>"; };
		5397B69F17E8599F00CBD83B /* AVFoundation.framework */ = {isa = PBXFileReference; lastKnownFileType = wrapper.framework; name = AVFoundation.framework; path = System/Library/Frameworks/AVFoundation.framework; sourceTree = SDKROOT; };
		53A2DB2B17F169F700628DD5 /* stageOneViewController.h */ = {isa = PBXFileReference; fileEncoding = 4; lastKnownFileType = sourcecode.c.h; path = stageOneViewController.h; sourceTree = "<group>"; };
		53A2DB2C17F169F700628DD5 /* stageOneViewController.m */ = {isa = PBXFileReference; fileEncoding = 4; lastKnownFileType = sourcecode.c.objc; path = stageOneViewController.m; sourceTree = "<group>"; };
		53A2DB2E17F16FA600628DD5 /* woodenBackground.jpg */ = {isa = PBXFileReference; lastKnownFileType = image.jpeg; path = woodenBackground.jpg; sourceTree = "<group>"; };
		53A2DB3017F1707800628DD5 /* stage1.jpg */ = {isa = PBXFileReference; lastKnownFileType = image.jpeg; path = stage1.jpg; sourceTree = "<group>"; };
		53A2DB3217F170EC00628DD5 /* stageOne.jpg */ = {isa = PBXFileReference; lastKnownFileType = image.jpeg; path = stageOne.jpg; sourceTree = "<group>"; };
		53A2DB3817F19C7400628DD5 /* blackKey.png */ = {isa = PBXFileReference; lastKnownFileType = image.png; path = blackKey.png; sourceTree = "<group>"; };
		53A2DB3917F19C7400628DD5 /* whiteKey.png */ = {isa = PBXFileReference; lastKnownFileType = image.png; path = whiteKey.png; sourceTree = "<group>"; };
		53A2DB3C17F1A10F00628DD5 /* settingLogo.png */ = {isa = PBXFileReference; lastKnownFileType = image.png; path = settingLogo.png; sourceTree = "<group>"; };
		53A2DB3D17F1A10F00628DD5 /* headingWood.png */ = {isa = PBXFileReference; lastKnownFileType = image.png; path = headingWood.png; sourceTree = "<group>"; };
		53A2DB4217F1A32A00628DD5 /* centerMusicNote.png */ = {isa = PBXFileReference; lastKnownFileType = image.png; path = centerMusicNote.png; sourceTree = "<group>"; };
/* End PBXFileReference section */

/* Begin PBXFrameworksBuildPhase section */
		1465D02C17E76D8C008DF419 /* Frameworks */ = {
			isa = PBXFrameworksBuildPhase;
			buildActionMask = 2147483647;
			files = (
				5397B6A017E8599F00CBD83B /* AVFoundation.framework in Frameworks */,
				1465D03317E76D8C008DF419 /* UIKit.framework in Frameworks */,
				1465D03517E76D8C008DF419 /* Foundation.framework in Frameworks */,
				1465D03717E76D8C008DF419 /* CoreGraphics.framework in Frameworks */,
			);
			runOnlyForDeploymentPostprocessing = 0;
		};
/* End PBXFrameworksBuildPhase section */

/* Begin PBXGroup section */
		14337A7D1820AFFA0020A2D1 /* iPad */ = {
			isa = PBXGroup;
			children = (
			);
			name = iPad;
			sourceTree = "<group>";
		};
		1465D02617E76D8C008DF419 = {
			isa = PBXGroup;
			children = (
				14867CC718226BE9000DBC0E /* initStartViewController.h */,
				14867CC818226BEA000DBC0E /* initStartViewController.m */,
				1465D03817E76D8C008DF419 /* Pitch It */,
				1465D03117E76D8C008DF419 /* Frameworks */,
				1465D03017E76D8C008DF419 /* Products */,
			);
			sourceTree = "<group>";
		};
		1465D03017E76D8C008DF419 /* Products */ = {
			isa = PBXGroup;
			children = (
				1465D02F17E76D8C008DF419 /* Pitch It.app */,
			);
			name = Products;
			sourceTree = "<group>";
		};
		1465D03117E76D8C008DF419 /* Frameworks */ = {
			isa = PBXGroup;
			children = (
				5397B69F17E8599F00CBD83B /* AVFoundation.framework */,
				1465D03217E76D8C008DF419 /* UIKit.framework */,
				1465D03417E76D8C008DF419 /* Foundation.framework */,
				1465D03617E76D8C008DF419 /* CoreGraphics.framework */,
			);
			name = Frameworks;
			sourceTree = "<group>";
		};
		1465D03817E76D8C008DF419 /* Pitch It */ = {
			isa = PBXGroup;
			children = (
				14337A7D1820AFFA0020A2D1 /* iPad */,
				14BE799717F6D82E008F6A47 /* images */,
				1465D11C17E772EC008DF419 /* Note Player */,
				1465D04117E76D8C008DF419 /* pitchitAppDelegate.h */,
				1465D04217E76D8C008DF419 /* pitchitAppDelegate.m */,
				1439F3F81805B5F000308EFC /* scorePageViewController.h */,
				1439F3F91805B5F000308EFC /* scorePageViewController.m */,
				1465D04A17E76D8C008DF419 /* MainStoryboard.storyboard */,
				53A2DB2B17F169F700628DD5 /* stageOneViewController.h */,
				53A2DB2C17F169F700628DD5 /* stageOneViewController.m */,
				147EBEB618156B2E00F284EF /* brain.h */,
				147EBEB718156B2E00F284EF /* brain.m */,
				538F30EA17F1348B002ECBDF /* MENUViewController.h */,
				538F30EB17F1348B002ECBDF /* MENUViewController.m */,
				14337A7E1820B1990020A2D1 /* Images.xcassets */,
				1465D03917E76D8C008DF419 /* Supporting Files */,
			);
			path = "Pitch It";
			sourceTree = "<group>";
		};
		1465D03917E76D8C008DF419 /* Supporting Files */ = {
			isa = PBXGroup;
			children = (
				1465D03A17E76D8C008DF419 /* Pitch It-Info.plist */,
				1465D03B17E76D8C008DF419 /* InfoPlist.strings */,
				1465D03E17E76D8C008DF419 /* main.m */,
				1465D04017E76D8C008DF419 /* Pitch It-Prefix.pch */,
				1465D04417E76D8C008DF419 /* Default.png */,
				1465D04617E76D8C008DF419 /* Default@2x.png */,
				1465D04817E76D8C008DF419 /* Default-568h@2x.png */,
			);
			name = "Supporting Files";
			sourceTree = "<group>";
		};
		1465D06917E772D2008DF419 /* Piano */ = {
			isa = PBXGroup;
			children = (
				1465D06A17E772D2008DF419 /* 01.mp3 */,
				1465D06B17E772D2008DF419 /* 02.mp3 */,
				1465D06C17E772D2008DF419 /* 03.mp3 */,
				1465D06D17E772D2008DF419 /* 04.mp3 */,
				1465D06E17E772D2008DF419 /* 05.mp3 */,
				1465D06F17E772D2008DF419 /* 06.mp3 */,
				1465D07017E772D2008DF419 /* 07.mp3 */,
				1465D07117E772D2008DF419 /* 08.mp3 */,
				1465D07217E772D2008DF419 /* 09.mp3 */,
				1465D07317E772D2008DF419 /* 10.mp3 */,
				1465D07417E772D2008DF419 /* 11.mp3 */,
				1465D07517E772D2008DF419 /* 12.mp3 */,
				1465D07617E772D2008DF419 /* 13.mp3 */,
				1465D07717E772D2008DF419 /* 14.mp3 */,
				1465D07817E772D2008DF419 /* 15.mp3 */,
				1465D07917E772D2008DF419 /* 16.mp3 */,
				1465D07A17E772D2008DF419 /* 17.mp3 */,
				1465D07B17E772D2008DF419 /* 18.mp3 */,
				1465D07C17E772D2008DF419 /* 19.mp3 */,
				1465D07D17E772D2008DF419 /* 20.mp3 */,
				1465D07E17E772D2008DF419 /* 21.mp3 */,
				1465D07F17E772D2008DF419 /* 22.mp3 */,
				1465D08017E772D2008DF419 /* 23.mp3 */,
				1465D08117E772D2008DF419 /* 24.mp3 */,
				1465D08217E772D2008DF419 /* 25.mp3 */,
				1465D08317E772D2008DF419 /* 26.mp3 */,
				1465D08417E772D2008DF419 /* 27.mp3 */,
				1465D08517E772D2008DF419 /* 28.mp3 */,
				1465D08617E772D2008DF419 /* 29.mp3 */,
				1465D08717E772D2008DF419 /* 30.mp3 */,
				1465D08817E772D2008DF419 /* 31.mp3 */,
				1465D08917E772D2008DF419 /* 32.mp3 */,
				1465D08A17E772D2008DF419 /* 33.mp3 */,
				1465D08B17E772D2008DF419 /* 34.mp3 */,
				1465D08C17E772D2008DF419 /* 35.mp3 */,
				1465D08D17E772D2008DF419 /* 36.mp3 */,
				1465D08E17E772D2008DF419 /* 37.mp3 */,
				1465D08F17E772D2008DF419 /* 38.mp3 */,
				1465D09017E772D2008DF419 /* 39.mp3 */,
				1465D09117E772D2008DF419 /* 40.mp3 */,
				1465D09217E772D2008DF419 /* 41.mp3 */,
				1465D09317E772D2008DF419 /* 42.mp3 */,
				1465D09417E772D2008DF419 /* 43.mp3 */,
				1465D09517E772D2008DF419 /* 44.mp3 */,
				1465D09617E772D2008DF419 /* 45.mp3 */,
				1465D09717E772D2008DF419 /* 46.mp3 */,
				1465D09817E772D2008DF419 /* 47.mp3 */,
				1465D09917E772D2008DF419 /* 48.mp3 */,
				1465D09A17E772D2008DF419 /* 49.mp3 */,
				1465D09B17E772D2008DF419 /* 50.mp3 */,
				1465D09C17E772D2008DF419 /* 51.mp3 */,
				1465D09D17E772D2008DF419 /* 52.mp3 */,
				1465D09E17E772D2008DF419 /* 53.mp3 */,
				1465D09F17E772D2008DF419 /* 54.mp3 */,
				1465D0A017E772D2008DF419 /* 55.mp3 */,
				1465D0A117E772D2008DF419 /* 56.mp3 */,
				1465D0A217E772D2008DF419 /* 57.mp3 */,
				1465D0A317E772D2008DF419 /* 58.mp3 */,
				1465D0A417E772D2008DF419 /* 59.mp3 */,
				1465D0A517E772D2008DF419 /* 60.mp3 */,
				1465D0A617E772D2008DF419 /* 61.mp3 */,
				1465D0A717E772D2008DF419 /* 62.mp3 */,
				1465D0A817E772D2008DF419 /* 63.mp3 */,
				1465D0A917E772D2008DF419 /* 64.mp3 */,
				1465D0AA17E772D2008DF419 /* 65.mp3 */,
				1465D0AB17E772D2008DF419 /* 66.mp3 */,
				1465D0AC17E772D2008DF419 /* 67.mp3 */,
				1465D0AD17E772D2008DF419 /* 68.mp3 */,
				1465D0AE17E772D2008DF419 /* 69.mp3 */,
				1465D0AF17E772D2008DF419 /* 70.mp3 */,
				1465D0B017E772D2008DF419 /* 71.mp3 */,
				1465D0B117E772D2008DF419 /* 72.mp3 */,
				1465D0B217E772D2008DF419 /* 73.mp3 */,
				1465D0B317E772D2008DF419 /* 74.mp3 */,
				1465D0B417E772D2008DF419 /* 75.mp3 */,
				1465D0B517E772D2008DF419 /* 76.mp3 */,
				1465D0B617E772D2008DF419 /* 77.mp3 */,
				1465D0B717E772D2008DF419 /* 78.mp3 */,
				1465D0B817E772D2008DF419 /* 79.mp3 */,
				1465D0B917E772D2008DF419 /* 80.mp3 */,
				1465D0BA17E772D2008DF419 /* 81.mp3 */,
				1465D0BB17E772D2008DF419 /* 82.mp3 */,
				1465D0BC17E772D2008DF419 /* 83.mp3 */,
				1465D0BD17E772D2008DF419 /* 84.mp3 */,
				1465D0BE17E772D2008DF419 /* 85.mp3 */,
				1465D0BF17E772D2008DF419 /* 86.mp3 */,
				1465D0C017E772D2008DF419 /* 87.mp3 */,
				1465D0C117E772D2008DF419 /* 88.mp3 */,
			);
			path = Piano;
			sourceTree = "<group>";
		};
		1465D11C17E772EC008DF419 /* Note Player */ = {
			isa = PBXGroup;
			children = (
				5390DF7F17E85DF6009CC05F /* musicNotePlayer.h */,
				5390DF8017E85DF6009CC05F /* musicNotePlayer.m */,
				1465D06917E772D2008DF419 /* Piano */,
			);
			name = "Note Player";
			sourceTree = "<group>";
		};
		149A468A1815562D00C7C70B /* percentage */ = {
			isa = PBXGroup;
			children = (
				149A468B1815562D00C7C70B /* 0_percentage.png */,
				149A468C1815562D00C7C70B /* 100_percentage.png */,
				149A468D1815562D00C7C70B /* 10_percentage.png */,
				149A468E1815562D00C7C70B /* 20_percentage.png */,
				149A468F1815562D00C7C70B /* 30_percentage.png */,
				149A46901815562D00C7C70B /* 40_percentage.png */,
				149A46911815562D00C7C70B /* 50_percentage.png */,
				149A46921815562D00C7C70B /* 60_percentage.png */,
				149A46931815562D00C7C70B /* 70_percentage.png */,
				149A46941815562D00C7C70B /* 80_percentage.png */,
				149A46951815562D00C7C70B /* 90_percentage.png */,
			);
			path = percentage;
			sourceTree = "<group>";
		};
		14BE799717F6D82E008F6A47 /* images */ = {
			isa = PBXGroup;
			children = (
				14867CC01822629C000DBC0E /* level.png */,
				14867CBA18226267000DBC0E /* DeepDropLogo.png */,
				14867CBB18226267000DBC0E /* DropLogo.png */,
				14867CBC18226267000DBC0E /* LightDropLogo.png */,
				149A468A1815562D00C7C70B /* percentage */,
				14D881CF180EEBB6003C0FE3 /* last_page */,
				14D881C9180EE2AA003C0FE3 /* back.png */,
				14D881C3180EE00F003C0FE3 /* pppwrong.png */,
				14D881C4180EE00F003C0FE3 /* pppempty.png */,
				14D881C5180EE00F003C0FE3 /* pppcorrect.png */,
				14D881BD180ED9AE003C0FE3 /* ppcorrect.png */,
				14D881BE180ED9AE003C0FE3 /* ppempty.png */,
				14D881BF180ED9AE003C0FE3 /* ppwrong.png */,
				14CC3AF7180EA00B00ACB6E2 /* black_Key.png */,
				14867CC218226431000DBC0E /* OriInnerLogo.png */,
				14CC3AF8180EA00B00ACB6E2 /* logo.png */,
				14CC3AF9180EA00B00ACB6E2 /* pressed_black_Key.png */,
				14CC3AFA180EA00B00ACB6E2 /* pressed_white_key.png */,
				14CC3AFB180EA00B00ACB6E2 /* white_key.png */,
				14CC3AF1180E9BE200ACB6E2 /* pcorrect.png */,
				14CC3AF2180E9BE200ACB6E2 /* pempty.png */,
				14CC3AF3180E9BE200ACB6E2 /* pwrong.png */,
				14CC3AEF180E7AAF00ACB6E2 /* allinone.png */,
				14C50811180D02E800E29362 /* settingLogoModified.png */,
				1439F3F21805A5C700308EFC /* correct.png */,
				1439F3F31805A5C700308EFC /* empty.png */,
				1439F3F41805A5C700308EFC /* wrong.png */,
				14D881CB180EE5FB003C0FE3 /* fullview.png */,
				14D881CD180EE6B1003C0FE3 /* fullview2.png */,
				14F0992617FF187100E63EAE /* largeBackground.png */,
				1465D06717E771E3008DF419 /* logo_s.png */,
				1465D06517E771D5008DF419 /* logo_ss.png */,
				538F30E817F13450002ECBDF /* jiepai_qi.jpg */,
				53A2DB2E17F16FA600628DD5 /* woodenBackground.jpg */,
				53A2DB3C17F1A10F00628DD5 /* settingLogo.png */,
				53A2DB4217F1A32A00628DD5 /* centerMusicNote.png */,
				53A2DB3D17F1A10F00628DD5 /* headingWood.png */,
				53A2DB3817F19C7400628DD5 /* blackKey.png */,
				53A2DB3917F19C7400628DD5 /* whiteKey.png */,
				53A2DB3217F170EC00628DD5 /* stageOne.jpg */,
				53A2DB3017F1707800628DD5 /* stage1.jpg */,
			);
			name = images;
			sourceTree = "<group>";
		};
		14D881CF180EEBB6003C0FE3 /* last_page */ = {
			isa = PBXGroup;
			children = (
				141EBE01181965A200CA5AB0 /* MENU.png */,
				141EBE02181965A200CA5AB0 /* RETRY.png */,
				14D88202180EEDA1003C0FE3 /* 0.png */,
				14D88203180EEDA1003C0FE3 /* 1.png */,
				14D88204180EEDA1003C0FE3 /* 2.png */,
				14D88205180EEDA1003C0FE3 /* 3.png */,
				14D88206180EEDA1003C0FE3 /* 4.png */,
				14D88207180EEDA1003C0FE3 /* 5.png */,
				14D88208180EEDA1003C0FE3 /* 6.png */,
				14D88209180EEDA1003C0FE3 /* 7.png */,
				14D8820A180EEDA1003C0FE3 /* 8.png */,
				14D8820B180EEDA1003C0FE3 /* 9.png */,
				14D8820C180EEDA1003C0FE3 /* 10.png */,
				14D8820D180EEDA1003C0FE3 /* 11.png */,
				14D881DD180EEBB6003C0FE3 /* new_score.png */,
				14D881DE180EEBB6003C0FE3 /* p0.png */,
				14D881DF180EEBB6003C0FE3 /* p10.png */,
				14D881E0180EEBB6003C0FE3 /* p100.png */,
				14D881E1180EEBB6003C0FE3 /* p20.png */,
				14D881E2180EEBB6003C0FE3 /* p30.png */,
				14D881E3180EEBB6003C0FE3 /* p40.png */,
				14D881E4180EEBB6003C0FE3 /* p50.png */,
				14D881E5180EEBB6003C0FE3 /* p60.png */,
				14D881E6180EEBB6003C0FE3 /* p70.png */,
				14D881E7180EEBB6003C0FE3 /* p80.png */,
				14D881E8180EEBB6003C0FE3 /* p90.png */,
			);
			path = last_page;
			sourceTree = "<group>";
		};
/* End PBXGroup section */

/* Begin PBXNativeTarget section */
		1465D02E17E76D8C008DF419 /* Pitch It */ = {
			isa = PBXNativeTarget;
			buildConfigurationList = 1465D05217E76D8C008DF419 /* Build configuration list for PBXNativeTarget "Pitch It" */;
			buildPhases = (
				1465D02B17E76D8C008DF419 /* Sources */,
				1465D02C17E76D8C008DF419 /* Frameworks */,
				1465D02D17E76D8C008DF419 /* Resources */,
			);
			buildRules = (
			);
			dependencies = (
			);
			name = "Pitch It";
			productName = "Pitch It";
			productReference = 1465D02F17E76D8C008DF419 /* Pitch It.app */;
			productType = "com.apple.product-type.application";
		};
/* End PBXNativeTarget section */

/* Begin PBXProject section */
		1465D02717E76D8C008DF419 /* Project object */ = {
			isa = PBXProject;
			attributes = {
				CLASSPREFIX = pitchit;
				LastUpgradeCheck = 0500;
				ORGANIZATIONNAME = "heron & minnie";
				TargetAttributes = {
					1465D02E17E76D8C008DF419 = {
						DevelopmentTeam = 2XX3ZFN6CJ;
					};
				};
			};
			buildConfigurationList = 1465D02A17E76D8C008DF419 /* Build configuration list for PBXProject "Pitch It" */;
			compatibilityVersion = "Xcode 3.2";
			developmentRegion = English;
			hasScannedForEncodings = 0;
			knownRegions = (
				en,
			);
			mainGroup = 1465D02617E76D8C008DF419;
			productRefGroup = 1465D03017E76D8C008DF419 /* Products */;
			projectDirPath = "";
			projectRoot = "";
			targets = (
				1465D02E17E76D8C008DF419 /* Pitch It */,
			);
		};
/* End PBXProject section */

/* Begin PBXResourcesBuildPhase section */
		1465D02D17E76D8C008DF419 /* Resources */ = {
			isa = PBXResourcesBuildPhase;
			buildActionMask = 2147483647;
			files = (
				1465D03D17E76D8C008DF419 /* InfoPlist.strings in Resources */,
				14CC3AFD180EA00B00ACB6E2 /* logo.png in Resources */,
				1465D04517E76D8C008DF419 /* Default.png in Resources */,
				1465D04717E76D8C008DF419 /* Default@2x.png in Resources */,
				1465D04917E76D8C008DF419 /* Default-568h@2x.png in Resources */,
				14CC3B00180EA00B00ACB6E2 /* white_key.png in Resources */,
				14D88200180EEBB6003C0FE3 /* p80.png in Resources */,
				1465D04C17E76D8C008DF419 /* MainStoryboard.storyboard in Resources */,
				14D88210180EEDA1003C0FE3 /* 2.png in Resources */,
				1465D06617E771D5008DF419 /* logo_ss.png in Resources */,
				1465D06817E771E3008DF419 /* logo_s.png in Resources */,
				1465D0C217E772D2008DF419 /* 01.mp3 in Resources */,
				1465D0C317E772D2008DF419 /* 02.mp3 in Resources */,
				14D881CA180EE2AA003C0FE3 /* back.png in Resources */,
				1465D0C417E772D2008DF419 /* 03.mp3 in Resources */,
				1465D0C517E772D2008DF419 /* 04.mp3 in Resources */,
				14D881C1180ED9AE003C0FE3 /* ppempty.png in Resources */,
				14D88219180EEDA1003C0FE3 /* 11.png in Resources */,
				1465D0C617E772D2008DF419 /* 05.mp3 in Resources */,
				1465D0C717E772D2008DF419 /* 06.mp3 in Resources */,
				1465D0C817E772D2008DF419 /* 07.mp3 in Resources */,
				1465D0C917E772D2008DF419 /* 08.mp3 in Resources */,
				1465D0CA17E772D2008DF419 /* 09.mp3 in Resources */,
				1465D0CB17E772D2008DF419 /* 10.mp3 in Resources */,
				1465D0CC17E772D2008DF419 /* 11.mp3 in Resources */,
				1465D0CD17E772D2008DF419 /* 12.mp3 in Resources */,
				14867CBF18226267000DBC0E /* LightDropLogo.png in Resources */,
				149A46991815562D00C7C70B /* 20_percentage.png in Resources */,
				14D881C0180ED9AE003C0FE3 /* ppcorrect.png in Resources */,
				14D881FA180EEBB6003C0FE3 /* p20.png in Resources */,
				1465D0CE17E772D2008DF419 /* 13.mp3 in Resources */,
				1465D0CF17E772D2008DF419 /* 14.mp3 in Resources */,
				1465D0D017E772D2008DF419 /* 15.mp3 in Resources */,
				1465D0D117E772D2008DF419 /* 16.mp3 in Resources */,
				14F0992717FF187100E63EAE /* largeBackground.png in Resources */,
				14D88216180EEDA1003C0FE3 /* 8.png in Resources */,
				1465D0D217E772D2008DF419 /* 17.mp3 in Resources */,
				1465D0D317E772D2008DF419 /* 18.mp3 in Resources */,
				1439F3F61805A5C700308EFC /* empty.png in Resources */,
				1465D0D417E772D2008DF419 /* 19.mp3 in Resources */,
				14CC3AF5180E9BE200ACB6E2 /* pempty.png in Resources */,
				1465D0D517E772D2008DF419 /* 20.mp3 in Resources */,
				1465D0D617E772D2008DF419 /* 21.mp3 in Resources */,
				14D881C8180EE00F003C0FE3 /* pppcorrect.png in Resources */,
				1465D0D717E772D2008DF419 /* 22.mp3 in Resources */,
				1465D0D817E772D2008DF419 /* 23.mp3 in Resources */,
				1465D0D917E772D2008DF419 /* 24.mp3 in Resources */,
				1465D0DA17E772D2008DF419 /* 25.mp3 in Resources */,
				1465D0DB17E772D2008DF419 /* 26.mp3 in Resources */,
				14D88215180EEDA1003C0FE3 /* 7.png in Resources */,
				1465D0DC17E772D2008DF419 /* 27.mp3 in Resources */,
				14D881C2180ED9AE003C0FE3 /* ppwrong.png in Resources */,
				1465D0DD17E772D2008DF419 /* 28.mp3 in Resources */,
				14D88218180EEDA1003C0FE3 /* 10.png in Resources */,
				149A469F1815562D00C7C70B /* 80_percentage.png in Resources */,
				14D88214180EEDA1003C0FE3 /* 6.png in Resources */,
				14D881CC180EE5FB003C0FE3 /* fullview.png in Resources */,
				14D881FD180EEBB6003C0FE3 /* p50.png in Resources */,
				1465D0DE17E772D2008DF419 /* 29.mp3 in Resources */,
				14D881C7180EE00F003C0FE3 /* pppempty.png in Resources */,
				1465D0DF17E772D2008DF419 /* 30.mp3 in Resources */,
				1465D0E017E772D2008DF419 /* 31.mp3 in Resources */,
				149A469A1815562D00C7C70B /* 30_percentage.png in Resources */,
				1465D0E117E772D2008DF419 /* 32.mp3 in Resources */,
				1465D0E217E772D2008DF419 /* 33.mp3 in Resources */,
				1465D0E317E772D2008DF419 /* 34.mp3 in Resources */,
				1465D0E417E772D2008DF419 /* 35.mp3 in Resources */,
				1465D0E517E772D2008DF419 /* 36.mp3 in Resources */,
				1465D0E617E772D2008DF419 /* 37.mp3 in Resources */,
				1465D0E717E772D2008DF419 /* 38.mp3 in Resources */,
				1465D0E817E772D2008DF419 /* 39.mp3 in Resources */,
				1465D0E917E772D2008DF419 /* 40.mp3 in Resources */,
				1465D0EA17E772D2008DF419 /* 41.mp3 in Resources */,
				1465D0EB17E772D2008DF419 /* 42.mp3 in Resources */,
				1465D0EC17E772D2008DF419 /* 43.mp3 in Resources */,
				14CC3AFE180EA00B00ACB6E2 /* pressed_black_Key.png in Resources */,
				14D881FB180EEBB6003C0FE3 /* p30.png in Resources */,
				1465D0ED17E772D2008DF419 /* 44.mp3 in Resources */,
				1465D0EE17E772D2008DF419 /* 45.mp3 in Resources */,
				149A469B1815562D00C7C70B /* 40_percentage.png in Resources */,
				14D881CE180EE6B1003C0FE3 /* fullview2.png in Resources */,
				1465D0EF17E772D2008DF419 /* 46.mp3 in Resources */,
				14337A7F1820B1990020A2D1 /* Images.xcassets in Resources */,
				1465D0F017E772D2008DF419 /* 47.mp3 in Resources */,
				1465D0F117E772D2008DF419 /* 48.mp3 in Resources */,
				1439F3F51805A5C700308EFC /* correct.png in Resources */,
				1465D0F217E772D2008DF419 /* 49.mp3 in Resources */,
				1465D0F317E772D2008DF419 /* 50.mp3 in Resources */,
				1465D0F417E772D2008DF419 /* 51.mp3 in Resources */,
				14D881F8180EEBB6003C0FE3 /* p10.png in Resources */,
				1465D0F517E772D2008DF419 /* 52.mp3 in Resources */,
				1465D0F617E772D2008DF419 /* 53.mp3 in Resources */,
				1465D0F717E772D2008DF419 /* 54.mp3 in Resources */,
				14CC3AF4180E9BE200ACB6E2 /* pcorrect.png in Resources */,
				14867CC318226431000DBC0E /* OriInnerLogo.png in Resources */,
				149A46981815562D00C7C70B /* 10_percentage.png in Resources */,
				1465D0F817E772D2008DF419 /* 55.mp3 in Resources */,
				1465D0F917E772D2008DF419 /* 56.mp3 in Resources */,
				1465D0FA17E772D2008DF419 /* 57.mp3 in Resources */,
				14D881F9180EEBB6003C0FE3 /* p100.png in Resources */,
				1465D0FB17E772D2008DF419 /* 58.mp3 in Resources */,
				1465D0FC17E772D2008DF419 /* 59.mp3 in Resources */,
				1465D0FD17E772D2008DF419 /* 60.mp3 in Resources */,
				14CC3AFF180EA00B00ACB6E2 /* pressed_white_key.png in Resources */,
				14D881FC180EEBB6003C0FE3 /* p40.png in Resources */,
				1465D0FE17E772D2008DF419 /* 61.mp3 in Resources */,
				1465D0FF17E772D2008DF419 /* 62.mp3 in Resources */,
				1465D10017E772D2008DF419 /* 63.mp3 in Resources */,
				1465D10117E772D2008DF419 /* 64.mp3 in Resources */,
				141EBE04181965A200CA5AB0 /* RETRY.png in Resources */,
				1465D10217E772D2008DF419 /* 65.mp3 in Resources */,
				14D88201180EEBB6003C0FE3 /* p90.png in Resources */,
				1465D10317E772D2008DF419 /* 66.mp3 in Resources */,
				14D88211180EEDA1003C0FE3 /* 3.png in Resources */,
				1465D10417E772D2008DF419 /* 67.mp3 in Resources */,
				149A469C1815562D00C7C70B /* 50_percentage.png in Resources */,
				14CC3AFC180EA00B00ACB6E2 /* black_Key.png in Resources */,
				1465D10517E772D2008DF419 /* 68.mp3 in Resources */,
				1465D10617E772D2008DF419 /* 69.mp3 in Resources */,
				14C50812180D02E800E29362 /* settingLogoModified.png in Resources */,
				1465D10717E772D2008DF419 /* 70.mp3 in Resources */,
				14D881F7180EEBB6003C0FE3 /* p0.png in Resources */,
				1465D10817E772D2008DF419 /* 71.mp3 in Resources */,
				14D88212180EEDA1003C0FE3 /* 4.png in Resources */,
				1465D10917E772D2008DF419 /* 72.mp3 in Resources */,
				14D881FE180EEBB6003C0FE3 /* p60.png in Resources */,
				149A46A01815562D00C7C70B /* 90_percentage.png in Resources */,
				1465D10A17E772D2008DF419 /* 73.mp3 in Resources */,
				1465D10B17E772D2008DF419 /* 74.mp3 in Resources */,
				1465D10C17E772D2008DF419 /* 75.mp3 in Resources */,
				1439F3F71805A5C700308EFC /* wrong.png in Resources */,
				141EBE03181965A200CA5AB0 /* MENU.png in Resources */,
				1465D10D17E772D2008DF419 /* 76.mp3 in Resources */,
				14D88213180EEDA1003C0FE3 /* 5.png in Resources */,
				1465D10E17E772D2008DF419 /* 77.mp3 in Resources */,
				14867CBD18226267000DBC0E /* DeepDropLogo.png in Resources */,
				14D88217180EEDA1003C0FE3 /* 9.png in Resources */,
				14867CC11822629C000DBC0E /* level.png in Resources */,
				14D8820F180EEDA1003C0FE3 /* 1.png in Resources */,
				1465D10F17E772D2008DF419 /* 78.mp3 in Resources */,
				1465D11017E772D2008DF419 /* 79.mp3 in Resources */,
				1465D11117E772D2008DF419 /* 80.mp3 in Resources */,
				1465D11217E772D2008DF419 /* 81.mp3 in Resources */,
				1465D11317E772D2008DF419 /* 82.mp3 in Resources */,
				14867CBE18226267000DBC0E /* DropLogo.png in Resources */,
				149A46971815562D00C7C70B /* 100_percentage.png in Resources */,
				149A469E1815562D00C7C70B /* 70_percentage.png in Resources */,
				1465D11417E772D2008DF419 /* 83.mp3 in Resources */,
				1465D11517E772D2008DF419 /* 84.mp3 in Resources */,
				1465D11617E772D2008DF419 /* 85.mp3 in Resources */,
				1465D11717E772D2008DF419 /* 86.mp3 in Resources */,
				1465D11817E772D2008DF419 /* 87.mp3 in Resources */,
				14D881FF180EEBB6003C0FE3 /* p70.png in Resources */,
				14D881F6180EEBB6003C0FE3 /* new_score.png in Resources */,
				1465D11917E772D2008DF419 /* 88.mp3 in Resources */,
				149A469D1815562D00C7C70B /* 60_percentage.png in Resources */,
				538F30E917F13450002ECBDF /* jiepai_qi.jpg in Resources */,
				14CC3AF0180E7AAF00ACB6E2 /* allinone.png in Resources */,
				53A2DB2F17F16FA600628DD5 /* woodenBackground.jpg in Resources */,
				53A2DB3117F1707800628DD5 /* stage1.jpg in Resources */,
				53A2DB3317F170EC00628DD5 /* stageOne.jpg in Resources */,
				53A2DB3A17F19C7400628DD5 /* blackKey.png in Resources */,
				149A46961815562D00C7C70B /* 0_percentage.png in Resources */,
				53A2DB3B17F19C7400628DD5 /* whiteKey.png in Resources */,
				53A2DB3E17F1A10F00628DD5 /* settingLogo.png in Resources */,
				14CC3AF6180E9BE200ACB6E2 /* pwrong.png in Resources */,
				14D8820E180EEDA1003C0FE3 /* 0.png in Resources */,
				53A2DB3F17F1A10F00628DD5 /* headingWood.png in Resources */,
				14D881C6180EE00F003C0FE3 /* pppwrong.png in Resources */,
				53A2DB4317F1A32A00628DD5 /* centerMusicNote.png in Resources */,
			);
			runOnlyForDeploymentPostprocessing = 0;
		};
/* End PBXResourcesBuildPhase section */

/* Begin PBXSourcesBuildPhase section */
		1465D02B17E76D8C008DF419 /* Sources */ = {
			isa = PBXSourcesBuildPhase;
			buildActionMask = 2147483647;
			files = (
				1439F3FA1805B5F000308EFC /* scorePageViewController.m in Sources */,
				1465D03F17E76D8C008DF419 /* main.m in Sources */,
				1465D04317E76D8C008DF419 /* pitchitAppDelegate.m in Sources */,
				5390DF8117E85DF6009CC05F /* musicNotePlayer.m in Sources */,
				147EBEB818156B2E00F284EF /* brain.m in Sources */,
				14867CC918226BEA000DBC0E /* initStartViewController.m in Sources */,
				538F30EC17F1348B002ECBDF /* MENUViewController.m in Sources */,
				53A2DB2D17F169F700628DD5 /* stageOneViewController.m in Sources */,
			);
			runOnlyForDeploymentPostprocessing = 0;
		};
/* End PBXSourcesBuildPhase section */

/* Begin PBXVariantGroup section */
		1465D03B17E76D8C008DF419 /* InfoPlist.strings */ = {
			isa = PBXVariantGroup;
			children = (
				1465D03C17E76D8C008DF419 /* en */,
			);
			name = InfoPlist.strings;
			sourceTree = "<group>";
		};
		1465D04A17E76D8C008DF419 /* MainStoryboard.storyboard */ = {
			isa = PBXVariantGroup;
			children = (
				1465D04B17E76D8C008DF419 /* en */,
			);
			name = MainStoryboard.storyboard;
			sourceTree = "<group>";
		};
/* End PBXVariantGroup section */

/* Begin XCBuildConfiguration section */
		1465D05017E76D8C008DF419 /* Debug */ = {
			isa = XCBuildConfiguration;
			buildSettings = {
				ALWAYS_SEARCH_USER_PATHS = NO;
				CLANG_CXX_LANGUAGE_STANDARD = "gnu++0x";
				CLANG_CXX_LIBRARY = "libc++";
				CLANG_ENABLE_OBJC_ARC = YES;
				CLANG_WARN_CONSTANT_CONVERSION = YES;
				CLANG_WARN_EMPTY_BODY = YES;
				CLANG_WARN_ENUM_CONVERSION = YES;
				CLANG_WARN_INT_CONVERSION = YES;
				CLANG_WARN__DUPLICATE_METHOD_MATCH = YES;
				"CODE_SIGN_IDENTITY[sdk=iphoneos*]" = "iPhone Developer";
				COPY_PHASE_STRIP = NO;
				GCC_C_LANGUAGE_STANDARD = gnu99;
				GCC_DYNAMIC_NO_PIC = NO;
				GCC_OPTIMIZATION_LEVEL = 0;
				GCC_PREPROCESSOR_DEFINITIONS = (
					"DEBUG=1",
					"$(inherited)",
				);
				GCC_SYMBOLS_PRIVATE_EXTERN = NO;
				GCC_WARN_ABOUT_RETURN_TYPE = YES;
				GCC_WARN_UNINITIALIZED_AUTOS = YES;
				GCC_WARN_UNUSED_VARIABLE = YES;
				IPHONEOS_DEPLOYMENT_TARGET = 7.0;
				ONLY_ACTIVE_ARCH = YES;
				SDKROOT = iphoneos;
			};
			name = Debug;
		};
		1465D05117E76D8C008DF419 /* Release */ = {
			isa = XCBuildConfiguration;
			buildSettings = {
				ALWAYS_SEARCH_USER_PATHS = NO;
				CLANG_CXX_LANGUAGE_STANDARD = "gnu++0x";
				CLANG_CXX_LIBRARY = "libc++";
				CLANG_ENABLE_OBJC_ARC = YES;
				CLANG_WARN_CONSTANT_CONVERSION = YES;
				CLANG_WARN_EMPTY_BODY = YES;
				CLANG_WARN_ENUM_CONVERSION = YES;
				CLANG_WARN_INT_CONVERSION = YES;
				CLANG_WARN__DUPLICATE_METHOD_MATCH = YES;
				"CODE_SIGN_IDENTITY[sdk=iphoneos*]" = "iPhone Developer";
				COPY_PHASE_STRIP = YES;
				GCC_C_LANGUAGE_STANDARD = gnu99;
				GCC_WARN_ABOUT_RETURN_TYPE = YES;
				GCC_WARN_UNINITIALIZED_AUTOS = YES;
				GCC_WARN_UNUSED_VARIABLE = YES;
				IPHONEOS_DEPLOYMENT_TARGET = 7.0;
				OTHER_CFLAGS = "-DNS_BLOCK_ASSERTIONS=1";
				SDKROOT = iphoneos;
				VALIDATE_PRODUCT = YES;
			};
			name = Release;
		};
		1465D05317E76D8C008DF419 /* Debug */ = {
			isa = XCBuildConfiguration;
			buildSettings = {
				ASSETCATALOG_COMPILER_APPICON_NAME = AppIcon;
				ASSETCATALOG_COMPILER_LAUNCHIMAGE_NAME = LaunchImage;
				CODE_SIGN_IDENTITY = "iPhone Developer: Hsiang Yu Yang (2R83YA3WWJ)";
				GCC_PRECOMPILE_PREFIX_HEADER = YES;
				GCC_PREFIX_HEADER = "Pitch It/Pitch It-Prefix.pch";
				INFOPLIST_FILE = "Pitch It/Pitch It-Info.plist";
				IPHONEOS_DEPLOYMENT_TARGET = 7.0;
				PRODUCT_NAME = "$(TARGET_NAME)";
				SDKROOT = iphoneos;
				TARGETED_DEVICE_FAMILY = 1;
				WRAPPER_EXTENSION = app;
			};
			name = Debug;
		};
		1465D05417E76D8C008DF419 /* Release */ = {
			isa = XCBuildConfiguration;
			buildSettings = {
				ASSETCATALOG_COMPILER_APPICON_NAME = AppIcon;
				ASSETCATALOG_COMPILER_LAUNCHIMAGE_NAME = LaunchImage;
				CODE_SIGN_IDENTITY = "iPhone Developer: Hsiang Yu Yang (2R83YA3WWJ)";
				GCC_PRECOMPILE_PREFIX_HEADER = YES;
				GCC_PREFIX_HEADER = "Pitch It/Pitch It-Prefix.pch";
				INFOPLIST_FILE = "Pitch It/Pitch It-Info.plist";
				IPHONEOS_DEPLOYMENT_TARGET = 7.0;
				PRODUCT_NAME = "$(TARGET_NAME)";
				SDKROOT = iphoneos;
				TARGETED_DEVICE_FAMILY = 1;
				WRAPPER_EXTENSION = app;
			};
			name = Release;
		};
/* End XCBuildConfiguration section */

/* Begin XCConfigurationList section */
		1465D02A17E76D8C008DF419 /* Build configuration list for PBXProject "Pitch It" */ = {
			isa = XCConfigurationList;
			buildConfigurations = (
				1465D05017E76D8C008DF419 /* Debug */,
				1465D05117E76D8C008DF419 /* Release */,
			);
			defaultConfigurationIsVisible = 0;
			defaultConfigurationName = Release;
		};
		1465D05217E76D8C008DF419 /* Build configuration list for PBXNativeTarget "Pitch It" */ = {
			isa = XCConfigurationList;
			buildConfigurations = (
				1465D05317E76D8C008DF419 /* Debug */,
				1465D05417E76D8C008DF419 /* Release */,
			);
			defaultConfigurationIsVisible = 0;
			defaultConfigurationName = Release;
		};
/* End XCConfigurationList section */
	};
	rootObject = 1465D02717E76D8C008DF419 /* Project object */;
}
